# Generated by pub
# See https://dart.dev/tools/pub/glossary#lockfile
packages:
  amplify_analytics_pinpoint:
    dependency: transitive
    description:
      name: amplify_analytics_pinpoint
      sha256: "7663d3f699269a18653568eb10fa4470c5e22bf508a7251ccd2517e121f28d7b"
      url: "https://pub.dev"
    source: hosted
    version: "1.3.0"
  amplify_analytics_pinpoint_dart:
    dependency: transitive
    description:
      name: amplify_analytics_pinpoint_dart
      sha256: "33c0dd035ac63a4f012c5afe9e0a844972b22b2681843a2ebfaa6b102f7f5836"
      url: "https://pub.dev"
    source: hosted
    version: "0.3.0+3"
  amplify_auth_cognito:
    dependency: "direct main"
    description:
      name: amplify_auth_cognito
      sha256: "91b09c6105b3729033fe52ab8d356b45c2b5c729037edaaf2b30cf62869623e4"
      url: "https://pub.dev"
    source: hosted
    version: "1.3.0"
  amplify_auth_cognito_dart:
    dependency: transitive
    description:
      name: amplify_auth_cognito_dart
      sha256: a2cd26dc825a9609d43bd7cd9f25611f8dbc482b8b9f5cc91596e7e93e8c4697
      url: "https://pub.dev"
    source: hosted
    version: "0.10.2"
  amplify_authenticator:
    dependency: "direct main"
    description:
      name: amplify_authenticator
      sha256: ee44599e80a5cfd10637dc2ac4a8b7d51e211b2c1770d4206bb6f598297f1c0b
      url: "https://pub.dev"
    source: hosted
    version: "1.3.0"
  amplify_core:
    dependency: transitive
    description:
      name: amplify_core
      sha256: "24d09bc126fa655b6e921fb8d2b78c4aaf049b3b237a4ca07213d664d360e4af"
      url: "https://pub.dev"
    source: hosted
    version: "1.3.0"
  amplify_db_common:
    dependency: transitive
    description:
      name: amplify_db_common
      sha256: b82ca0cb5230be6e5055afb88560a4628411204c8ba44e5871b26a3bbff26639
      url: "https://pub.dev"
    source: hosted
    version: "0.3.0+3"
  amplify_db_common_dart:
    dependency: transitive
    description:
      name: amplify_db_common_dart
      sha256: ad59312cb88bedddab0fbb28a0b0454b4a3e0b2c6efcc7f7227cc7988f0c09ef
      url: "https://pub.dev"
    source: hosted
    version: "0.3.0+3"
  amplify_flutter:
    dependency: "direct main"
    description:
      name: amplify_flutter
      sha256: b9d18701d1ca3a2a9b49817556f1ecc83c4f47570127e382161854053a4090e4
      url: "https://pub.dev"
    source: hosted
    version: "1.3.0"
  amplify_lints:
    dependency: "direct dev"
    description:
      name: amplify_lints
      sha256: "06efc894cfa10be76bda794daab80fee87e8a4430194a67fa33cc960a034bce5"
      url: "https://pub.dev"
    source: hosted
    version: "3.0.0"
  amplify_secure_storage:
    dependency: transitive
    description:
      name: amplify_secure_storage
      sha256: dea078e10f1a6dd4800073ba1ff3f8648a9a5a3709c9fa8a80ca067a3d7b17e9
      url: "https://pub.dev"
    source: hosted
    version: "0.4.0+3"
  amplify_secure_storage_dart:
    dependency: transitive
    description:
      name: amplify_secure_storage_dart
      sha256: b549ba83e9cfbb253dbcb86fd9fb829a8aeda34daba66b1aaf37c95d20a6517c
      url: "https://pub.dev"
    source: hosted
    version: "0.4.0+4"
  async:
    dependency: transitive
    description:
      name: async
      sha256: "947bfcf187f74dbc5e146c9eb9c0f10c9f8b30743e341481c1e2ed3ecc18c20c"
      url: "https://pub.dev"
    source: hosted
    version: "2.11.0"
  aws_common:
    dependency: transitive
    description:
      name: aws_common
      sha256: ee6516892122f1a6d90ae86d4a6351d2b920d5235f0dba25704c6cd6d907ea99
      url: "https://pub.dev"
    source: hosted
    version: "0.5.1"
  aws_signature_v4:
    dependency: transitive
    description:
      name: aws_signature_v4
      sha256: "7b4948e6178d76ac240b8b0cd17046e7cbe667eab026134a3f810dad8bba7014"
      url: "https://pub.dev"
    source: hosted
    version: "0.4.0+3"
  boolean_selector:
    dependency: transitive
    description:
      name: boolean_selector
      sha256: "6cfb5af12253eaf2b368f07bacc5a80d1301a071c73360d746b7f2e32d762c66"
      url: "https://pub.dev"
    source: hosted
    version: "2.1.1"
  built_collection:
    dependency: transitive
    description:
      name: built_collection
      sha256: "376e3dd27b51ea877c28d525560790aee2e6fbb5f20e2f85d5081027d94e2100"
      url: "https://pub.dev"
    source: hosted
    version: "5.1.1"
  built_value:
    dependency: transitive
    description:
      name: built_value
      sha256: "598a2a682e2a7a90f08ba39c0aaa9374c5112340f0a2e275f61b59389543d166"
      url: "https://pub.dev"
    source: hosted
    version: "8.6.1"
  characters:
    dependency: transitive
    description:
      name: characters
      sha256: "04a925763edad70e8443c99234dc3328f442e811f1d8fd1a72f1c8ad0f69a605"
      url: "https://pub.dev"
    source: hosted
    version: "1.3.0"
  clock:
    dependency: transitive
    description:
      name: clock
      sha256: cb6d7f03e1de671e34607e909a7213e31d7752be4fb66a86d29fe1eb14bfb5cf
      url: "https://pub.dev"
    source: hosted
    version: "1.1.1"
  collection:
    dependency: transitive
    description:
      name: collection
      sha256: "4a07be6cb69c84d677a6c3096fcf960cc3285a8330b4603e0d463d15d9bd934c"
      url: "https://pub.dev"
    source: hosted
    version: "1.17.1"
  confetti:
    dependency: "direct main"
    description:
      name: confetti
      sha256: "979aafde2428c53947892c95eb244466c109c129b7eee9011f0a66caaca52267"
      url: "https://pub.dev"
    source: hosted
    version: "0.7.0"
  convert:
    dependency: transitive
    description:
      name: convert
      sha256: "0f08b14755d163f6e2134cb58222dd25ea2a2ee8a195e53983d57c075324d592"
      url: "https://pub.dev"
    source: hosted
    version: "3.1.1"
  crclib:
    dependency: transitive
    description:
      name: crclib
      sha256: "800f2226cd90c900ddcaaccb79449eabe690627ee8c7046737458f1a2509043d"
      url: "https://pub.dev"
    source: hosted
    version: "3.0.0"
  crypto:
    dependency: transitive
    description:
      name: crypto
      sha256: aa274aa7774f8964e4f4f38cc994db7b6158dd36e9187aaceaddc994b35c6c67
      url: "https://pub.dev"
    source: hosted
    version: "3.0.2"
  device_frame:
    dependency: transitive
    description:
      name: device_frame
      sha256: afe76182aec178d171953d9b4a50a43c57c7cf3c77d8b09a48bf30c8fa04dd9d
      url: "https://pub.dev"
    source: hosted
    version: "1.1.0"
  device_info_plus:
    dependency: transitive
    description:
      name: device_info_plus
      sha256: "2c35b6d1682b028e42d07b3aee4b98fa62996c10bc12cb651ec856a80d6a761b"
      url: "https://pub.dev"
    source: hosted
    version: "9.0.2"
  device_info_plus_platform_interface:
    dependency: transitive
    description:
      name: device_info_plus_platform_interface
      sha256: d3b01d5868b50ae571cd1dc6e502fc94d956b665756180f7b16ead09e836fd64
      url: "https://pub.dev"
    source: hosted
    version: "7.0.0"
  device_preview:
    dependency: "direct main"
    description:
      name: device_preview
      sha256: "2f097bf31b929e15e6756dbe0ec1bcb63952ab9ed51c25dc5a2c722d2b21fdaf"
      url: "https://pub.dev"
    source: hosted
    version: "1.1.0"
  drift:
    dependency: transitive
    description:
      name: drift
      sha256: "01e7237766b3404f08489ed0dc531a2fa5f5a42d7fa7787da6cc0a10e8d2632f"
      url: "https://pub.dev"
    source: hosted
    version: "2.10.0"
  fake_async:
    dependency: transitive
    description:
      name: fake_async
      sha256: "511392330127add0b769b75a987850d136345d9227c6b94c96a04cf4a391bf78"
      url: "https://pub.dev"
    source: hosted
    version: "1.3.1"
  ffi:
    dependency: transitive
    description:
      name: ffi
      sha256: ed5337a5660c506388a9f012be0288fb38b49020ce2b45fe1f8b8323fe429f99
      url: "https://pub.dev"
    source: hosted
    version: "2.0.2"
  file:
    dependency: transitive
    description:
      name: file
      sha256: "1b92bec4fc2a72f59a8e15af5f52cd441e4a7860b49499d69dfa817af20e925d"
      url: "https://pub.dev"
    source: hosted
    version: "6.1.4"
  fixnum:
    dependency: transitive
    description:
      name: fixnum
      sha256: "25517a4deb0c03aa0f32fd12db525856438902d9c16536311e76cdc57b31d7d1"
      url: "https://pub.dev"
    source: hosted
    version: "1.1.0"
  flutter:
    dependency: "direct main"
    description: flutter
    source: sdk
    version: "0.0.0"
  flutter_lints:
    dependency: transitive
    description:
      name: flutter_lints
      sha256: aeb0b80a8b3709709c9cc496cdc027c5b3216796bc0af0ce1007eaf24464fd4c
      url: "https://pub.dev"
    source: hosted
    version: "2.0.1"
  flutter_localizations:
    dependency: transitive
    description: flutter
    source: sdk
    version: "0.0.0"
  flutter_test:
    dependency: "direct dev"
    description: flutter
    source: sdk
    version: "0.0.0"
  flutter_web_plugins:
    dependency: transitive
    description: flutter
    source: sdk
    version: "0.0.0"
  freezed_annotation:
    dependency: transitive
    description:
      name: freezed_annotation
      sha256: aeac15850ef1b38ee368d4c53ba9a847e900bb2c53a4db3f6881cbb3cb684338
      url: "https://pub.dev"
    source: hosted
    version: "2.2.0"
  go_router:
    dependency: "direct main"
    description:
      name: go_router
      sha256: b3cadd2cd59a4103fd5f6bc572ca75111264698784e927aa471921c3477d5475
      url: "https://pub.dev"
    source: hosted
    version: "10.0.0"
  graphs:
    dependency: transitive
    description:
      name: graphs
      sha256: aedc5a15e78fc65a6e23bcd927f24c64dd995062bcd1ca6eda65a3cff92a4d19
      url: "https://pub.dev"
    source: hosted
    version: "2.3.1"
  http:
    dependency: transitive
    description:
      name: http
      sha256: "6aa2946395183537c8b880962d935877325d6a09a2867c3970c05c0fed6ac482"
      url: "https://pub.dev"
    source: hosted
    version: "0.13.5"
  http2:
    dependency: transitive
    description:
      name: http2
      sha256: "58805ebc6513eed3b98ee0a455a8357e61d187bf2e0fdc1e53120770f78de258"
      url: "https://pub.dev"
    source: hosted
    version: "2.0.1"
  http_parser:
    dependency: transitive
    description:
      name: http_parser
      sha256: "2aa08ce0341cc9b354a498388e30986515406668dbcc4f7c950c3e715496693b"
      url: "https://pub.dev"
    source: hosted
    version: "4.0.2"
  intl:
    dependency: transitive
    description:
      name: intl
      sha256: a3715e3bc90294e971cb7dc063fbf3cd9ee0ebf8604ffeafabd9e6f16abbdbe6
      url: "https://pub.dev"
    source: hosted
    version: "0.18.0"
  js:
    dependency: transitive
    description:
      name: js
      sha256: f2c445dce49627136094980615a031419f7f3eb393237e4ecd97ac15dea343f3
      url: "https://pub.dev"
    source: hosted
    version: "0.6.7"
  json_annotation:
    dependency: transitive
    description:
      name: json_annotation
      sha256: b10a7b2ff83d83c777edba3c6a0f97045ddadd56c944e1a23a3fdf43a1bf4467
      url: "https://pub.dev"
    source: hosted
    version: "4.8.1"
  lints:
    dependency: transitive
    description:
      name: lints
      sha256: "0a217c6c989d21039f1498c3ed9f3ed71b354e69873f13a8dfc3c9fe76f1b452"
      url: "https://pub.dev"
    source: hosted
    version: "2.1.1"
  logging:
    dependency: transitive
    description:
      name: logging
      sha256: "04094f2eb032cbb06c6f6e8d3607edcfcb0455e2bb6cbc010cb01171dcb64e6d"
      url: "https://pub.dev"
    source: hosted
    version: "1.1.1"
  matcher:
    dependency: transitive
    description:
      name: matcher
      sha256: "6501fbd55da300384b768785b83e5ce66991266cec21af89ab9ae7f5ce1c4cbb"
      url: "https://pub.dev"
    source: hosted
    version: "0.12.15"
  material_color_utilities:
    dependency: transitive
    description:
      name: material_color_utilities
      sha256: d92141dc6fe1dad30722f9aa826c7fbc896d021d792f80678280601aff8cf724
      url: "https://pub.dev"
    source: hosted
    version: "0.2.0"
  meta:
    dependency: transitive
    description:
      name: meta
      sha256: "3c74dbf8763d36539f114c799d8a2d87343b5067e9d796ca22b5eb8437090ee3"
      url: "https://pub.dev"
    source: hosted
    version: "1.9.1"
  mime:
    dependency: transitive
    description:
      name: mime
      sha256: e4ff8e8564c03f255408decd16e7899da1733852a9110a58fe6d1b817684a63e
      url: "https://pub.dev"
    source: hosted
    version: "1.0.4"
  nested:
    dependency: transitive
    description:
      name: nested
      sha256: "03bac4c528c64c95c722ec99280375a6f2fc708eec17c7b3f07253b626cd2a20"
      url: "https://pub.dev"
    source: hosted
    version: "1.0.0"
  oauth2:
    dependency: transitive
    description:
      name: oauth2
      sha256: c4013ef62be37744efdc0861878fd9e9285f34db1f9e331cc34100d7674feb42
      url: "https://pub.dev"
    source: hosted
    version: "2.0.2"
  os_detect:
    dependency: transitive
    description:
      name: os_detect
      sha256: faf3bcf39515e64da8ff76b2f2805b20a6ff47ae515393e535f8579ff91d6b7f
      url: "https://pub.dev"
    source: hosted
    version: "2.0.1"
  package_info_plus:
    dependency: transitive
    description:
      name: package_info_plus
      sha256: ceb027f6bc6a60674a233b4a90a7658af1aebdea833da0b5b53c1e9821a78c7b
      url: "https://pub.dev"
    source: hosted
    version: "4.0.2"
  package_info_plus_platform_interface:
    dependency: transitive
    description:
      name: package_info_plus_platform_interface
      sha256: "9bc8ba46813a4cc42c66ab781470711781940780fd8beddd0c3da62506d3a6c6"
      url: "https://pub.dev"
    source: hosted
    version: "2.0.1"
  path:
    dependency: transitive
    description:
      name: path
      sha256: "8829d8a55c13fc0e37127c29fedf290c102f4e40ae94ada574091fe0ff96c917"
      url: "https://pub.dev"
    source: hosted
    version: "1.8.3"
  path_provider:
    dependency: transitive
    description:
      name: path_provider
      sha256: c7edf82217d4b2952b2129a61d3ad60f1075b9299e629e149a8d2e39c2e6aad4
      url: "https://pub.dev"
    source: hosted
    version: "2.0.14"
  path_provider_android:
    dependency: transitive
    description:
      name: path_provider_android
      sha256: "019f18c9c10ae370b08dce1f3e3b73bc9f58e7f087bb5e921f06529438ac0ae7"
      url: "https://pub.dev"
    source: hosted
    version: "2.0.24"
  path_provider_foundation:
    dependency: transitive
    description:
      name: path_provider_foundation
      sha256: ad4c4d011830462633f03eb34445a45345673dfd4faf1ab0b4735fbd93b19183
      url: "https://pub.dev"
    source: hosted
    version: "2.2.2"
  path_provider_linux:
    dependency: transitive
    description:
      name: path_provider_linux
      sha256: "2ae08f2216225427e64ad224a24354221c2c7907e448e6e0e8b57b1eb9f10ad1"
      url: "https://pub.dev"
    source: hosted
    version: "2.1.10"
  path_provider_platform_interface:
    dependency: transitive
    description:
      name: path_provider_platform_interface
      sha256: "57585299a729335f1298b43245842678cb9f43a6310351b18fb577d6e33165ec"
      url: "https://pub.dev"
    source: hosted
    version: "2.0.6"
  path_provider_windows:
    dependency: transitive
    description:
      name: path_provider_windows
      sha256: "1cb68ba4cd3a795033de62ba1b7b4564dace301f952de6bfb3cd91b202b6ee96"
      url: "https://pub.dev"
    source: hosted
    version: "2.1.7"
  petitparser:
    dependency: transitive
    description:
      name: petitparser
      sha256: cb3798bef7fc021ac45b308f4b51208a152792445cce0448c9a4ba5879dd8750
      url: "https://pub.dev"
    source: hosted
    version: "5.4.0"
  platform:
    dependency: transitive
    description:
      name: platform
      sha256: "4a451831508d7d6ca779f7ac6e212b4023dd5a7d08a27a63da33756410e32b76"
      url: "https://pub.dev"
    source: hosted
    version: "3.1.0"
  plugin_platform_interface:
    dependency: transitive
    description:
      name: plugin_platform_interface
      sha256: "6a2128648c854906c53fa8e33986fc0247a1116122f9534dd20e3ab9e16a32bc"
      url: "https://pub.dev"
    source: hosted
    version: "2.1.4"
  process:
    dependency: transitive
    description:
      name: process
      sha256: "53fd8db9cec1d37b0574e12f07520d582019cb6c44abf5479a01505099a34a09"
      url: "https://pub.dev"
    source: hosted
    version: "4.2.4"
  provider:
    dependency: transitive
    description:
      name: provider
      sha256: cdbe7530b12ecd9eb455bdaa2fcb8d4dad22e80b8afb4798b41479d5ce26847f
      url: "https://pub.dev"
    source: hosted
    version: "6.0.5"
  retry:
    dependency: transitive
    description:
      name: retry
      sha256: a8a1e475a100a0bdc73f529ca8ea1e9c9c76bec8ad86a1f47780139a34ce7aea
      url: "https://pub.dev"
    source: hosted
    version: "3.1.1"
  shared_preferences:
    dependency: transitive
    description:
      name: shared_preferences
      sha256: "858aaa72d8f61637d64e776aca82e1c67e6d9ee07979123c5d17115031c1b13b"
      url: "https://pub.dev"
    source: hosted
    version: "2.1.0"
  shared_preferences_android:
    dependency: transitive
    description:
      name: shared_preferences_android
      sha256: "8304d8a1f7d21a429f91dee552792249362b68a331ac5c3c1caf370f658873f6"
      url: "https://pub.dev"
    source: hosted
    version: "2.1.0"
  shared_preferences_foundation:
    dependency: transitive
    description:
      name: shared_preferences_foundation
      sha256: "0c1c16c56c9708aa9c361541a6f0e5cc6fc12a3232d866a687a7b7db30032b07"
      url: "https://pub.dev"
    source: hosted
    version: "2.2.1"
  shared_preferences_linux:
    dependency: transitive
    description:
      name: shared_preferences_linux
      sha256: "9d387433ca65717bbf1be88f4d5bb18f10508917a8fa2fb02e0fd0d7479a9afa"
      url: "https://pub.dev"
    source: hosted
    version: "2.2.0"
  shared_preferences_platform_interface:
    dependency: transitive
    description:
      name: shared_preferences_platform_interface
      sha256: fb5cf25c0235df2d0640ac1b1174f6466bd311f621574997ac59018a6664548d
      url: "https://pub.dev"
    source: hosted
    version: "2.2.0"
  shared_preferences_web:
    dependency: transitive
    description:
      name: shared_preferences_web
      sha256: "74083203a8eae241e0de4a0d597dbedab3b8fef5563f33cf3c12d7e93c655ca5"
      url: "https://pub.dev"
    source: hosted
    version: "2.1.0"
  shared_preferences_windows:
    dependency: transitive
    description:
      name: shared_preferences_windows
      sha256: "5e588e2efef56916a3b229c3bfe81e6a525665a454519ca51dbcc4236a274173"
      url: "https://pub.dev"
    source: hosted
    version: "2.2.0"
  shelf:
    dependency: transitive
    description:
      name: shelf
      sha256: c24a96135a2ccd62c64b69315a14adc5c3419df63b4d7c05832a346fdb73682c
      url: "https://pub.dev"
    source: hosted
    version: "1.4.0"
  sky_engine:
    dependency: transitive
    description: flutter
    source: sdk
    version: "0.0.99"
  smithy:
    dependency: transitive
    description:
      name: smithy
      sha256: "0861b6d2940a7061b2d2a9e6e932a779974c8c7885cfcb256446fa3e3e30bbdd"
      url: "https://pub.dev"
    source: hosted
    version: "0.5.0+4"
  smithy_aws:
    dependency: transitive
    description:
      name: smithy_aws
      sha256: a8d23df8a25e704247ef56be040319942a8968957b148669cfbb356246ab07b8
      url: "https://pub.dev"
    source: hosted
    version: "0.5.0+4"
  source_span:
    dependency: transitive
    description:
      name: source_span
      sha256: dd904f795d4b4f3b870833847c461801f6750a9fa8e61ea5ac53f9422b31f250
      url: "https://pub.dev"
    source: hosted
    version: "1.9.1"
  sqlite3:
    dependency: transitive
    description:
      name: sqlite3
      sha256: db65233e6b99e99b2548932f55a987961bc06d82a31a0665451fa0b4fff4c3fb
      url: "https://pub.dev"
    source: hosted
    version: "2.1.0"
  stack_trace:
    dependency: transitive
    description:
      name: stack_trace
      sha256: c3c7d8edb15bee7f0f74debd4b9c5f3c2ea86766fe4178eb2a18eb30a0bdaed5
      url: "https://pub.dev"
    source: hosted
    version: "1.11.0"
  stream_channel:
    dependency: transitive
    description:
      name: stream_channel
      sha256: "83615bee9045c1d322bbbd1ba209b7a749c2cbcdcb3fdd1df8eb488b3279c1c8"
      url: "https://pub.dev"
    source: hosted
    version: "2.1.1"
  stream_transform:
    dependency: transitive
    description:
      name: stream_transform
      sha256: "14a00e794c7c11aa145a170587321aedce29769c08d7f58b1d141da75e3b1c6f"
      url: "https://pub.dev"
    source: hosted
    version: "2.1.0"
  string_scanner:
    dependency: transitive
    description:
      name: string_scanner
      sha256: "556692adab6cfa87322a115640c11f13cb77b3f076ddcc5d6ae3c20242bedcde"
      url: "https://pub.dev"
    source: hosted
    version: "1.2.0"
  term_glyph:
    dependency: transitive
    description:
      name: term_glyph
      sha256: a29248a84fbb7c79282b40b8c72a1209db169a2e0542bce341da992fe1bc7e84
      url: "https://pub.dev"
    source: hosted
    version: "1.2.1"
  test_api:
    dependency: transitive
    description:
      name: test_api
      sha256: eb6ac1540b26de412b3403a163d919ba86f6a973fe6cc50ae3541b80092fdcfb
      url: "https://pub.dev"
    source: hosted
    version: "0.5.1"
  tuple:
    dependency: transitive
    description:
      name: tuple
      sha256: "0ea99cd2f9352b2586583ab2ce6489d1f95a5f6de6fb9492faaf97ae2060f0aa"
      url: "https://pub.dev"
    source: hosted
    version: "2.0.1"
  typed_data:
    dependency: transitive
    description:
      name: typed_data
      sha256: "26f87ade979c47a150c9eaab93ccd2bebe70a27dc0b4b29517f2904f04eb11a5"
      url: "https://pub.dev"
    source: hosted
    version: "1.3.1"
  uuid:
    dependency: transitive
    description:
      name: uuid
      sha256: "648e103079f7c64a36dc7d39369cabb358d377078a051d6ae2ad3aa539519313"
      url: "https://pub.dev"
    source: hosted
    version: "3.0.7"
  vector_math:
    dependency: transitive
    description:
      name: vector_math
      sha256: "80b3257d1492ce4d091729e3a67a60407d227c27241d6927be0130c98e741803"
      url: "https://pub.dev"
    source: hosted
    version: "2.1.4"
  win32:
    dependency: transitive
    description:
      name: win32
      sha256: f2add6fa510d3ae152903412227bda57d0d5a8da61d2c39c1fb022c9429a41c0
      url: "https://pub.dev"
    source: hosted
    version: "5.0.6"
  win32_registry:
    dependency: transitive
    description:
      name: win32_registry
      sha256: e4506d60b7244251bc59df15656a3093501c37fb5af02105a944d73eb95be4c9
      url: "https://pub.dev"
    source: hosted
    version: "1.1.1"
  worker_bee:
    dependency: transitive
    description:
      name: worker_bee
      sha256: "137d1f442ff8b8b79c1cf61a848bfa69b9edbdea18d442b7b63576790e8daa05"
      url: "https://pub.dev"
    source: hosted
    version: "0.2.0+3"
  xdg_directories:
    dependency: transitive
    description:
      name: xdg_directories
      sha256: ee1505df1426458f7f60aac270645098d318a8b4766d85fde75f76f2e21807d1
      url: "https://pub.dev"
    source: hosted
    version: "1.0.0"
  xml:
    dependency: transitive
    description:
      name: xml
      sha256: "5bc72e1e45e941d825fd7468b9b4cc3b9327942649aeb6fc5cdbf135f0a86e84"
      url: "https://pub.dev"
    source: hosted
    version: "6.3.0"
sdks:
  dart: ">=3.0.0 <4.0.0"
  flutter: ">=3.10.0"
