# THIS IS AN AUTOGENERATED FILE. DO NOT EDIT THIS FILE DIRECTLY.
# yarn lockfile v1


"@aws-crypto/sha256-browser@5.2.0":
  version "5.2.0"
  resolved "https://registry.yarnpkg.com/@aws-crypto/sha256-browser/-/sha256-browser-5.2.0.tgz#153895ef1dba6f9fce38af550e0ef58988eb649e"
  integrity sha512-AXfN/lGotSQwu6HNcEsIASo7kWXZ5HYWvfOmSNKDsEqC4OashTp8alTmaz+F7TC2L083SFv5RdB+qU3Vs1kZqw==
  dependencies:
    "@aws-crypto/sha256-js" "^5.2.0"
    "@aws-crypto/supports-web-crypto" "^5.2.0"
    "@aws-crypto/util" "^5.2.0"
    "@aws-sdk/types" "^3.222.0"
    "@aws-sdk/util-locate-window" "^3.0.0"
    "@smithy/util-utf8" "^2.0.0"
    tslib "^2.6.2"

"@aws-crypto/sha256-js@5.2.0", "@aws-crypto/sha256-js@^5.2.0":
  version "5.2.0"
  resolved "https://registry.yarnpkg.com/@aws-crypto/sha256-js/-/sha256-js-5.2.0.tgz#c4fdb773fdbed9a664fc1a95724e206cf3860042"
  integrity sha512-FFQQyu7edu4ufvIZ+OadFpHHOt+eSTBaYaki44c+akjg7qZg9oOQeLlk77F6tSYqjDAFClrHJk9tMf0HdVyOvA==
  dependencies:
    "@aws-crypto/util" "^5.2.0"
    "@aws-sdk/types" "^3.222.0"
    tslib "^2.6.2"

"@aws-crypto/supports-web-crypto@^5.2.0":
  version "5.2.0"
  resolved "https://registry.yarnpkg.com/@aws-crypto/supports-web-crypto/-/supports-web-crypto-5.2.0.tgz#a1e399af29269be08e695109aa15da0a07b5b5fb"
  integrity sha512-iAvUotm021kM33eCdNfwIN//F77/IADDSs58i+MDaOqFrVjZo9bAal0NK7HurRuWLLpF1iLX7gbWrjHjeo+YFg==
  dependencies:
    tslib "^2.6.2"

"@aws-crypto/util@^5.2.0":
  version "5.2.0"
  resolved "https://registry.yarnpkg.com/@aws-crypto/util/-/util-5.2.0.tgz#71284c9cffe7927ddadac793c14f14886d3876da"
  integrity sha512-4RkU9EsI6ZpBve5fseQlGNUWKMa1RLPQ1dnjnQoe07ldfIzcsGb5hC5W0Dm7u423KWzawlrpbjXBrXCEv9zazQ==
  dependencies:
    "@aws-sdk/types" "^3.222.0"
    "@smithy/util-utf8" "^2.0.0"
    tslib "^2.6.2"

"@aws-sdk/client-rekognition@latest":
  version "3.621.0"
  resolved "https://registry.yarnpkg.com/@aws-sdk/client-rekognition/-/client-rekognition-3.621.0.tgz#53f0d7a82405212d8785038b712a76da7a1c07e8"
  integrity sha512-JCPs+cCB64fI2EiV/SZA5Z29UwGydtaETTK4NKAO3JwIkFErAlFXzfjK5RcvubKXZeP+6cGB4z1fyMkxhNpnGA==
  dependencies:
    "@aws-crypto/sha256-browser" "5.2.0"
    "@aws-crypto/sha256-js" "5.2.0"
    "@aws-sdk/client-sso-oidc" "3.621.0"
    "@aws-sdk/client-sts" "3.621.0"
    "@aws-sdk/core" "3.621.0"
    "@aws-sdk/credential-provider-node" "3.621.0"
    "@aws-sdk/middleware-host-header" "3.620.0"
    "@aws-sdk/middleware-logger" "3.609.0"
    "@aws-sdk/middleware-recursion-detection" "3.620.0"
    "@aws-sdk/middleware-user-agent" "3.620.0"
    "@aws-sdk/region-config-resolver" "3.614.0"
    "@aws-sdk/types" "3.609.0"
    "@aws-sdk/util-endpoints" "3.614.0"
    "@aws-sdk/util-user-agent-browser" "3.609.0"
    "@aws-sdk/util-user-agent-node" "3.614.0"
    "@smithy/config-resolver" "^3.0.5"
    "@smithy/core" "^2.3.1"
    "@smithy/fetch-http-handler" "^3.2.4"
    "@smithy/hash-node" "^3.0.3"
    "@smithy/invalid-dependency" "^3.0.3"
    "@smithy/middleware-content-length" "^3.0.5"
    "@smithy/middleware-endpoint" "^3.1.0"
    "@smithy/middleware-retry" "^3.0.13"
    "@smithy/middleware-serde" "^3.0.3"
    "@smithy/middleware-stack" "^3.0.3"
    "@smithy/node-config-provider" "^3.1.4"
    "@smithy/node-http-handler" "^3.1.4"
    "@smithy/protocol-http" "^4.1.0"
    "@smithy/smithy-client" "^3.1.11"
    "@smithy/types" "^3.3.0"
    "@smithy/url-parser" "^3.0.3"
    "@smithy/util-base64" "^3.0.0"
    "@smithy/util-body-length-browser" "^3.0.0"
    "@smithy/util-body-length-node" "^3.0.0"
    "@smithy/util-defaults-mode-browser" "^3.0.13"
    "@smithy/util-defaults-mode-node" "^3.0.13"
    "@smithy/util-endpoints" "^2.0.5"
    "@smithy/util-middleware" "^3.0.3"
    "@smithy/util-retry" "^3.0.3"
    "@smithy/util-utf8" "^3.0.0"
    "@smithy/util-waiter" "^3.1.2"
    tslib "^2.6.2"
    uuid "^9.0.1"

"@aws-sdk/client-sso-oidc@3.621.0":
  version "3.621.0"
  resolved "https://registry.yarnpkg.com/@aws-sdk/client-sso-oidc/-/client-sso-oidc-3.621.0.tgz#3fa3d468fbebbd93a5f75c1d51b63cc7af3ef17b"
  integrity sha512-mMjk3mFUwV2Y68POf1BQMTF+F6qxt5tPu6daEUCNGC9Cenk3h2YXQQoS4/eSyYzuBiYk3vx49VgleRvdvkg8rg==
  dependencies:
    "@aws-crypto/sha256-browser" "5.2.0"
    "@aws-crypto/sha256-js" "5.2.0"
    "@aws-sdk/core" "3.621.0"
    "@aws-sdk/credential-provider-node" "3.621.0"
    "@aws-sdk/middleware-host-header" "3.620.0"
    "@aws-sdk/middleware-logger" "3.609.0"
    "@aws-sdk/middleware-recursion-detection" "3.620.0"
    "@aws-sdk/middleware-user-agent" "3.620.0"
    "@aws-sdk/region-config-resolver" "3.614.0"
    "@aws-sdk/types" "3.609.0"
    "@aws-sdk/util-endpoints" "3.614.0"
    "@aws-sdk/util-user-agent-browser" "3.609.0"
    "@aws-sdk/util-user-agent-node" "3.614.0"
    "@smithy/config-resolver" "^3.0.5"
    "@smithy/core" "^2.3.1"
    "@smithy/fetch-http-handler" "^3.2.4"
    "@smithy/hash-node" "^3.0.3"
    "@smithy/invalid-dependency" "^3.0.3"
    "@smithy/middleware-content-length" "^3.0.5"
    "@smithy/middleware-endpoint" "^3.1.0"
    "@smithy/middleware-retry" "^3.0.13"
    "@smithy/middleware-serde" "^3.0.3"
    "@smithy/middleware-stack" "^3.0.3"
    "@smithy/node-config-provider" "^3.1.4"
    "@smithy/node-http-handler" "^3.1.4"
    "@smithy/protocol-http" "^4.1.0"
    "@smithy/smithy-client" "^3.1.11"
    "@smithy/types" "^3.3.0"
    "@smithy/url-parser" "^3.0.3"
    "@smithy/util-base64" "^3.0.0"
    "@smithy/util-body-length-browser" "^3.0.0"
    "@smithy/util-body-length-node" "^3.0.0"
    "@smithy/util-defaults-mode-browser" "^3.0.13"
    "@smithy/util-defaults-mode-node" "^3.0.13"
    "@smithy/util-endpoints" "^2.0.5"
    "@smithy/util-middleware" "^3.0.3"
    "@smithy/util-retry" "^3.0.3"
    "@smithy/util-utf8" "^3.0.0"
    tslib "^2.6.2"

"@aws-sdk/client-sso@3.621.0":
  version "3.621.0"
  resolved "https://registry.yarnpkg.com/@aws-sdk/client-sso/-/client-sso-3.621.0.tgz#c0eefeb9adcbc6bb7c91c32070404c8c91846825"
  integrity sha512-xpKfikN4u0BaUYZA9FGUMkkDmfoIP0Q03+A86WjqDWhcOoqNA1DkHsE4kZ+r064ifkPUfcNuUvlkVTEoBZoFjA==
  dependencies:
    "@aws-crypto/sha256-browser" "5.2.0"
    "@aws-crypto/sha256-js" "5.2.0"
    "@aws-sdk/core" "3.621.0"
    "@aws-sdk/middleware-host-header" "3.620.0"
    "@aws-sdk/middleware-logger" "3.609.0"
    "@aws-sdk/middleware-recursion-detection" "3.620.0"
    "@aws-sdk/middleware-user-agent" "3.620.0"
    "@aws-sdk/region-config-resolver" "3.614.0"
    "@aws-sdk/types" "3.609.0"
    "@aws-sdk/util-endpoints" "3.614.0"
    "@aws-sdk/util-user-agent-browser" "3.609.0"
    "@aws-sdk/util-user-agent-node" "3.614.0"
    "@smithy/config-resolver" "^3.0.5"
    "@smithy/core" "^2.3.1"
    "@smithy/fetch-http-handler" "^3.2.4"
    "@smithy/hash-node" "^3.0.3"
    "@smithy/invalid-dependency" "^3.0.3"
    "@smithy/middleware-content-length" "^3.0.5"
    "@smithy/middleware-endpoint" "^3.1.0"
    "@smithy/middleware-retry" "^3.0.13"
    "@smithy/middleware-serde" "^3.0.3"
    "@smithy/middleware-stack" "^3.0.3"
    "@smithy/node-config-provider" "^3.1.4"
    "@smithy/node-http-handler" "^3.1.4"
    "@smithy/protocol-http" "^4.1.0"
    "@smithy/smithy-client" "^3.1.11"
    "@smithy/types" "^3.3.0"
    "@smithy/url-parser" "^3.0.3"
    "@smithy/util-base64" "^3.0.0"
    "@smithy/util-body-length-browser" "^3.0.0"
    "@smithy/util-body-length-node" "^3.0.0"
    "@smithy/util-defaults-mode-browser" "^3.0.13"
    "@smithy/util-defaults-mode-node" "^3.0.13"
    "@smithy/util-endpoints" "^2.0.5"
    "@smithy/util-middleware" "^3.0.3"
    "@smithy/util-retry" "^3.0.3"
    "@smithy/util-utf8" "^3.0.0"
    tslib "^2.6.2"

"@aws-sdk/client-sts@3.621.0":
  version "3.621.0"
  resolved "https://registry.yarnpkg.com/@aws-sdk/client-sts/-/client-sts-3.621.0.tgz#2994f601790893901704c5df56c837e89f279952"
  integrity sha512-707uiuReSt+nAx6d0c21xLjLm2lxeKc7padxjv92CIrIocnQSlJPxSCM7r5zBhwiahJA6MNQwmTl2xznU67KgA==
  dependencies:
    "@aws-crypto/sha256-browser" "5.2.0"
    "@aws-crypto/sha256-js" "5.2.0"
    "@aws-sdk/client-sso-oidc" "3.621.0"
    "@aws-sdk/core" "3.621.0"
    "@aws-sdk/credential-provider-node" "3.621.0"
    "@aws-sdk/middleware-host-header" "3.620.0"
    "@aws-sdk/middleware-logger" "3.609.0"
    "@aws-sdk/middleware-recursion-detection" "3.620.0"
    "@aws-sdk/middleware-user-agent" "3.620.0"
    "@aws-sdk/region-config-resolver" "3.614.0"
    "@aws-sdk/types" "3.609.0"
    "@aws-sdk/util-endpoints" "3.614.0"
    "@aws-sdk/util-user-agent-browser" "3.609.0"
    "@aws-sdk/util-user-agent-node" "3.614.0"
    "@smithy/config-resolver" "^3.0.5"
    "@smithy/core" "^2.3.1"
    "@smithy/fetch-http-handler" "^3.2.4"
    "@smithy/hash-node" "^3.0.3"
    "@smithy/invalid-dependency" "^3.0.3"
    "@smithy/middleware-content-length" "^3.0.5"
    "@smithy/middleware-endpoint" "^3.1.0"
    "@smithy/middleware-retry" "^3.0.13"
    "@smithy/middleware-serde" "^3.0.3"
    "@smithy/middleware-stack" "^3.0.3"
    "@smithy/node-config-provider" "^3.1.4"
    "@smithy/node-http-handler" "^3.1.4"
    "@smithy/protocol-http" "^4.1.0"
    "@smithy/smithy-client" "^3.1.11"
    "@smithy/types" "^3.3.0"
    "@smithy/url-parser" "^3.0.3"
    "@smithy/util-base64" "^3.0.0"
    "@smithy/util-body-length-browser" "^3.0.0"
    "@smithy/util-body-length-node" "^3.0.0"
    "@smithy/util-defaults-mode-browser" "^3.0.13"
    "@smithy/util-defaults-mode-node" "^3.0.13"
    "@smithy/util-endpoints" "^2.0.5"
    "@smithy/util-middleware" "^3.0.3"
    "@smithy/util-retry" "^3.0.3"
    "@smithy/util-utf8" "^3.0.0"
    tslib "^2.6.2"

"@aws-sdk/core@3.621.0":
  version "3.621.0"
  resolved "https://registry.yarnpkg.com/@aws-sdk/core/-/core-3.621.0.tgz#e38c56c3ce0c819ca1185eaabcb98412429aaca3"
  integrity sha512-CtOwWmDdEiINkGXD93iGfXjN0WmCp9l45cDWHHGa8lRgEDyhuL7bwd/pH5aSzj0j8SiQBG2k0S7DHbd5RaqvbQ==
  dependencies:
    "@smithy/core" "^2.3.1"
    "@smithy/node-config-provider" "^3.1.4"
    "@smithy/protocol-http" "^4.1.0"
    "@smithy/signature-v4" "^4.1.0"
    "@smithy/smithy-client" "^3.1.11"
    "@smithy/types" "^3.3.0"
    "@smithy/util-middleware" "^3.0.3"
    fast-xml-parser "4.4.1"
    tslib "^2.6.2"

"@aws-sdk/credential-provider-env@3.620.1":
  version "3.620.1"
  resolved "https://registry.yarnpkg.com/@aws-sdk/credential-provider-env/-/credential-provider-env-3.620.1.tgz#d4692c49a65ebc11dae3f7f8b053fee9268a953c"
  integrity sha512-ExuILJ2qLW5ZO+rgkNRj0xiAipKT16Rk77buvPP8csR7kkCflT/gXTyzRe/uzIiETTxM7tr8xuO9MP/DQXqkfg==
  dependencies:
    "@aws-sdk/types" "3.609.0"
    "@smithy/property-provider" "^3.1.3"
    "@smithy/types" "^3.3.0"
    tslib "^2.6.2"

"@aws-sdk/credential-provider-http@3.621.0":
  version "3.621.0"
  resolved "https://registry.yarnpkg.com/@aws-sdk/credential-provider-http/-/credential-provider-http-3.621.0.tgz#5f944bf548f203d842cf71a5792f73c205544627"
  integrity sha512-/jc2tEsdkT1QQAI5Dvoci50DbSxtJrevemwFsm0B73pwCcOQZ5ZwwSdVqGsPutzYzUVx3bcXg3LRL7jLACqRIg==
  dependencies:
    "@aws-sdk/types" "3.609.0"
    "@smithy/fetch-http-handler" "^3.2.4"
    "@smithy/node-http-handler" "^3.1.4"
    "@smithy/property-provider" "^3.1.3"
    "@smithy/protocol-http" "^4.1.0"
    "@smithy/smithy-client" "^3.1.11"
    "@smithy/types" "^3.3.0"
    "@smithy/util-stream" "^3.1.3"
    tslib "^2.6.2"

"@aws-sdk/credential-provider-ini@3.621.0":
  version "3.621.0"
  resolved "https://registry.yarnpkg.com/@aws-sdk/credential-provider-ini/-/credential-provider-ini-3.621.0.tgz#bda2365f88fee40e3ae067b08bf484106c339222"
  integrity sha512-0EWVnSc+JQn5HLnF5Xv405M8n4zfdx9gyGdpnCmAmFqEDHA8LmBdxJdpUk1Ovp/I5oPANhjojxabIW5f1uU0RA==
  dependencies:
    "@aws-sdk/credential-provider-env" "3.620.1"
    "@aws-sdk/credential-provider-http" "3.621.0"
    "@aws-sdk/credential-provider-process" "3.620.1"
    "@aws-sdk/credential-provider-sso" "3.621.0"
    "@aws-sdk/credential-provider-web-identity" "3.621.0"
    "@aws-sdk/types" "3.609.0"
    "@smithy/credential-provider-imds" "^3.2.0"
    "@smithy/property-provider" "^3.1.3"
    "@smithy/shared-ini-file-loader" "^3.1.4"
    "@smithy/types" "^3.3.0"
    tslib "^2.6.2"

"@aws-sdk/credential-provider-node@3.621.0":
  version "3.621.0"
  resolved "https://registry.yarnpkg.com/@aws-sdk/credential-provider-node/-/credential-provider-node-3.621.0.tgz#9cc5052760a9f9d70d70f12ddbdbf0d59bf13a47"
  integrity sha512-4JqpccUgz5Snanpt2+53hbOBbJQrSFq7E1sAAbgY6BKVQUsW5qyXqnjvSF32kDeKa5JpBl3bBWLZl04IadcPHw==
  dependencies:
    "@aws-sdk/credential-provider-env" "3.620.1"
    "@aws-sdk/credential-provider-http" "3.621.0"
    "@aws-sdk/credential-provider-ini" "3.621.0"
    "@aws-sdk/credential-provider-process" "3.620.1"
    "@aws-sdk/credential-provider-sso" "3.621.0"
    "@aws-sdk/credential-provider-web-identity" "3.621.0"
    "@aws-sdk/types" "3.609.0"
    "@smithy/credential-provider-imds" "^3.2.0"
    "@smithy/property-provider" "^3.1.3"
    "@smithy/shared-ini-file-loader" "^3.1.4"
    "@smithy/types" "^3.3.0"
    tslib "^2.6.2"

"@aws-sdk/credential-provider-process@3.620.1":
  version "3.620.1"
  resolved "https://registry.yarnpkg.com/@aws-sdk/credential-provider-process/-/credential-provider-process-3.620.1.tgz#10387cf85400420bb4bbda9cc56937dcc6d6d0ee"
  integrity sha512-hWqFMidqLAkaV9G460+1at6qa9vySbjQKKc04p59OT7lZ5cO5VH5S4aI05e+m4j364MBROjjk2ugNvfNf/8ILg==
  dependencies:
    "@aws-sdk/types" "3.609.0"
    "@smithy/property-provider" "^3.1.3"
    "@smithy/shared-ini-file-loader" "^3.1.4"
    "@smithy/types" "^3.3.0"
    tslib "^2.6.2"

"@aws-sdk/credential-provider-sso@3.621.0":
  version "3.621.0"
  resolved "https://registry.yarnpkg.com/@aws-sdk/credential-provider-sso/-/credential-provider-sso-3.621.0.tgz#710f413708cb372f9f94e8eb9726cf263ffd83e3"
  integrity sha512-Kza0jcFeA/GEL6xJlzR2KFf1PfZKMFnxfGzJzl5yN7EjoGdMijl34KaRyVnfRjnCWcsUpBWKNIDk9WZVMY9yiw==
  dependencies:
    "@aws-sdk/client-sso" "3.621.0"
    "@aws-sdk/token-providers" "3.614.0"
    "@aws-sdk/types" "3.609.0"
    "@smithy/property-provider" "^3.1.3"
    "@smithy/shared-ini-file-loader" "^3.1.4"
    "@smithy/types" "^3.3.0"
    tslib "^2.6.2"

"@aws-sdk/credential-provider-web-identity@3.621.0":
  version "3.621.0"
  resolved "https://registry.yarnpkg.com/@aws-sdk/credential-provider-web-identity/-/credential-provider-web-identity-3.621.0.tgz#b25878c0a05dad60cd5f91e7e5a31a145c2f14be"
  integrity sha512-w7ASSyfNvcx7+bYGep3VBgC3K6vEdLmlpjT7nSIHxxQf+WSdvy+HynwJosrpZax0sK5q0D1Jpn/5q+r5lwwW6w==
  dependencies:
    "@aws-sdk/types" "3.609.0"
    "@smithy/property-provider" "^3.1.3"
    "@smithy/types" "^3.3.0"
    tslib "^2.6.2"

"@aws-sdk/middleware-host-header@3.620.0":
  version "3.620.0"
  resolved "https://registry.yarnpkg.com/@aws-sdk/middleware-host-header/-/middleware-host-header-3.620.0.tgz#b561d419a08a984ba364c193376b482ff5224d74"
  integrity sha512-VMtPEZwqYrII/oUkffYsNWY9PZ9xpNJpMgmyU0rlDQ25O1c0Hk3fJmZRe6pEkAJ0omD7kLrqGl1DUjQVxpd/Rg==
  dependencies:
    "@aws-sdk/types" "3.609.0"
    "@smithy/protocol-http" "^4.1.0"
    "@smithy/types" "^3.3.0"
    tslib "^2.6.2"

"@aws-sdk/middleware-logger@3.609.0":
  version "3.609.0"
  resolved "https://registry.yarnpkg.com/@aws-sdk/middleware-logger/-/middleware-logger-3.609.0.tgz#ed44d201f091b8bac908cbf14724c7a4d492553f"
  integrity sha512-S62U2dy4jMDhDFDK5gZ4VxFdWzCtLzwbYyFZx2uvPYTECkepLUfzLic2BHg2Qvtu4QjX+oGE3P/7fwaGIsGNuQ==
  dependencies:
    "@aws-sdk/types" "3.609.0"
    "@smithy/types" "^3.3.0"
    tslib "^2.6.2"

"@aws-sdk/middleware-recursion-detection@3.620.0":
  version "3.620.0"
  resolved "https://registry.yarnpkg.com/@aws-sdk/middleware-recursion-detection/-/middleware-recursion-detection-3.620.0.tgz#f8270dfff843fd756be971e5673f89c6a24c6513"
  integrity sha512-nh91S7aGK3e/o1ck64sA/CyoFw+gAYj2BDOnoNa6ouyCrVJED96ZXWbhye/fz9SgmNUZR2g7GdVpiLpMKZoI5w==
  dependencies:
    "@aws-sdk/types" "3.609.0"
    "@smithy/protocol-http" "^4.1.0"
    "@smithy/types" "^3.3.0"
    tslib "^2.6.2"

"@aws-sdk/middleware-user-agent@3.620.0":
  version "3.620.0"
  resolved "https://registry.yarnpkg.com/@aws-sdk/middleware-user-agent/-/middleware-user-agent-3.620.0.tgz#1fe3104f04f576a942cf0469bfbd73c38eef3d9e"
  integrity sha512-bvS6etn+KsuL32ubY5D3xNof1qkenpbJXf/ugGXbg0n98DvDFQ/F+SMLxHgbnER5dsKYchNnhmtI6/FC3HFu/A==
  dependencies:
    "@aws-sdk/types" "3.609.0"
    "@aws-sdk/util-endpoints" "3.614.0"
    "@smithy/protocol-http" "^4.1.0"
    "@smithy/types" "^3.3.0"
    tslib "^2.6.2"

"@aws-sdk/region-config-resolver@3.614.0":
  version "3.614.0"
  resolved "https://registry.yarnpkg.com/@aws-sdk/region-config-resolver/-/region-config-resolver-3.614.0.tgz#9cebb31a5bcfea2a41891fff7f28d0164cde179a"
  integrity sha512-vDCeMXvic/LU0KFIUjpC3RiSTIkkvESsEfbVHiHH0YINfl8HnEqR5rj+L8+phsCeVg2+LmYwYxd5NRz4PHxt5g==
  dependencies:
    "@aws-sdk/types" "3.609.0"
    "@smithy/node-config-provider" "^3.1.4"
    "@smithy/types" "^3.3.0"
    "@smithy/util-config-provider" "^3.0.0"
    "@smithy/util-middleware" "^3.0.3"
    tslib "^2.6.2"

"@aws-sdk/token-providers@3.614.0":
  version "3.614.0"
  resolved "https://registry.yarnpkg.com/@aws-sdk/token-providers/-/token-providers-3.614.0.tgz#88da04f6d4ce916b0b0f6e045676d04201fb47fd"
  integrity sha512-okItqyY6L9IHdxqs+Z116y5/nda7rHxLvROxtAJdLavWTYDydxrZstImNgGWTeVdmc0xX2gJCI77UYUTQWnhRw==
  dependencies:
    "@aws-sdk/types" "3.609.0"
    "@smithy/property-provider" "^3.1.3"
    "@smithy/shared-ini-file-loader" "^3.1.4"
    "@smithy/types" "^3.3.0"
    tslib "^2.6.2"

"@aws-sdk/types@3.609.0":
  version "3.609.0"
  resolved "https://registry.yarnpkg.com/@aws-sdk/types/-/types-3.609.0.tgz#06b39d799c9f197a7b43670243e8e78a3bf7d6a5"
  integrity sha512-+Tqnh9w0h2LcrUsdXyT1F8mNhXz+tVYBtP19LpeEGntmvHwa2XzvLUCWpoIAIVsHp5+HdB2X9Sn0KAtmbFXc2Q==
  dependencies:
    "@smithy/types" "^3.3.0"
    tslib "^2.6.2"

"@aws-sdk/types@^3.222.0":
  version "3.413.0"
  resolved "https://registry.yarnpkg.com/@aws-sdk/types/-/types-3.413.0.tgz#55b935d1668913a0e48ab5ddb4d9b95ff8707c02"
  integrity sha512-j1xib0f/TazIFc5ySIKOlT1ujntRbaoG4LJFeEezz4ji03/wSJMI8Vi4KjzpBp8J1tTu0oRDnsxRIGixsUBeYQ==
  dependencies:
    "@smithy/types" "^2.3.1"
    tslib "^2.5.0"

"@aws-sdk/util-endpoints@3.614.0":
  version "3.614.0"
  resolved "https://registry.yarnpkg.com/@aws-sdk/util-endpoints/-/util-endpoints-3.614.0.tgz#6564b0ffd7dc3728221e9f9821f5aab1cc58468e"
  integrity sha512-wK2cdrXHH4oz4IomV/yrGkftU9A+ITB6nFL+rxxyO78is2ifHJpFdV4aqk4LSkXYPi6CXWNru/Dqc7yiKXgJPw==
  dependencies:
    "@aws-sdk/types" "3.609.0"
    "@smithy/types" "^3.3.0"
    "@smithy/util-endpoints" "^2.0.5"
    tslib "^2.6.2"

"@aws-sdk/util-locate-window@^3.0.0":
  version "3.310.0"
  resolved "https://registry.yarnpkg.com/@aws-sdk/util-locate-window/-/util-locate-window-3.310.0.tgz#b071baf050301adee89051032bd4139bba32cc40"
  integrity sha512-qo2t/vBTnoXpjKxlsC2e1gBrRm80M3bId27r0BRB2VniSSe7bL1mmzM+/HFtujm0iAxtPM+aLEflLJlJeDPg0w==
  dependencies:
    tslib "^2.5.0"

"@aws-sdk/util-user-agent-browser@3.609.0":
  version "3.609.0"
  resolved "https://registry.yarnpkg.com/@aws-sdk/util-user-agent-browser/-/util-user-agent-browser-3.609.0.tgz#aa15421b2e32ae8bc589dac2bd6e8969832ce588"
  integrity sha512-fojPU+mNahzQ0YHYBsx0ZIhmMA96H+ZIZ665ObU9tl+SGdbLneVZVikGve+NmHTQwHzwkFsZYYnVKAkreJLAtA==
  dependencies:
    "@aws-sdk/types" "3.609.0"
    "@smithy/types" "^3.3.0"
    bowser "^2.11.0"
    tslib "^2.6.2"

"@aws-sdk/util-user-agent-node@3.614.0":
  version "3.614.0"
  resolved "https://registry.yarnpkg.com/@aws-sdk/util-user-agent-node/-/util-user-agent-node-3.614.0.tgz#1e3f49a80f841a3f21647baed2adce01aac5beb5"
  integrity sha512-15ElZT88peoHnq5TEoEtZwoXTXRxNrk60TZNdpl/TUBJ5oNJ9Dqb5Z4ryb8ofN6nm9aFf59GVAerFDz8iUoHBA==
  dependencies:
    "@aws-sdk/types" "3.609.0"
    "@smithy/node-config-provider" "^3.1.4"
    "@smithy/types" "^3.3.0"
    tslib "^2.6.2"

"@smithy/abort-controller@^3.1.1":
  version "3.1.1"
  resolved "https://registry.yarnpkg.com/@smithy/abort-controller/-/abort-controller-3.1.1.tgz#291210611ff6afecfc198d0ca72d5771d8461d16"
  integrity sha512-MBJBiidoe+0cTFhyxT8g+9g7CeVccLM0IOKKUMCNQ1CNMJ/eIfoo0RTfVrXOONEI1UCN1W+zkiHSbzUNE9dZtQ==
  dependencies:
    "@smithy/types" "^3.3.0"
    tslib "^2.6.2"

"@smithy/config-resolver@^3.0.5":
  version "3.0.5"
  resolved "https://registry.yarnpkg.com/@smithy/config-resolver/-/config-resolver-3.0.5.tgz#727978bba7ace754c741c259486a19d3083431fd"
  integrity sha512-SkW5LxfkSI1bUC74OtfBbdz+grQXYiPYolyu8VfpLIjEoN/sHVBlLeGXMQ1vX4ejkgfv6sxVbQJ32yF2cl1veA==
  dependencies:
    "@smithy/node-config-provider" "^3.1.4"
    "@smithy/types" "^3.3.0"
    "@smithy/util-config-provider" "^3.0.0"
    "@smithy/util-middleware" "^3.0.3"
    tslib "^2.6.2"

"@smithy/core@^2.3.1":
  version "2.3.1"
  resolved "https://registry.yarnpkg.com/@smithy/core/-/core-2.3.1.tgz#99cb8eda23009fd7df736c82072dafcf4eb4ff5d"
  integrity sha512-BC7VMXx/1BCmRPCVzzn4HGWAtsrb7/0758EtwOGFJQrlSwJBEjCcDLNZLFoL/68JexYa2s+KmgL/UfmXdG6v1w==
  dependencies:
    "@smithy/middleware-endpoint" "^3.1.0"
    "@smithy/middleware-retry" "^3.0.13"
    "@smithy/middleware-serde" "^3.0.3"
    "@smithy/protocol-http" "^4.1.0"
    "@smithy/smithy-client" "^3.1.11"
    "@smithy/types" "^3.3.0"
    "@smithy/util-middleware" "^3.0.3"
    tslib "^2.6.2"

"@smithy/credential-provider-imds@^3.2.0":
  version "3.2.0"
  resolved "https://registry.yarnpkg.com/@smithy/credential-provider-imds/-/credential-provider-imds-3.2.0.tgz#0e0e7ddaff1a8633cb927aee1056c0ab506b7ecf"
  integrity sha512-0SCIzgd8LYZ9EJxUjLXBmEKSZR/P/w6l7Rz/pab9culE/RWuqelAKGJvn5qUOl8BgX8Yj5HWM50A5hiB/RzsgA==
  dependencies:
    "@smithy/node-config-provider" "^3.1.4"
    "@smithy/property-provider" "^3.1.3"
    "@smithy/types" "^3.3.0"
    "@smithy/url-parser" "^3.0.3"
    tslib "^2.6.2"

"@smithy/fetch-http-handler@^3.2.4":
  version "3.2.4"
  resolved "https://registry.yarnpkg.com/@smithy/fetch-http-handler/-/fetch-http-handler-3.2.4.tgz#c754de7e0ff2541b73ac9ba7cc955940114b3d62"
  integrity sha512-kBprh5Gs5h7ug4nBWZi1FZthdqSM+T7zMmsZxx0IBvWUn7dK3diz2SHn7Bs4dQGFDk8plDv375gzenDoNwrXjg==
  dependencies:
    "@smithy/protocol-http" "^4.1.0"
    "@smithy/querystring-builder" "^3.0.3"
    "@smithy/types" "^3.3.0"
    "@smithy/util-base64" "^3.0.0"
    tslib "^2.6.2"

"@smithy/hash-node@^3.0.3":
  version "3.0.3"
  resolved "https://registry.yarnpkg.com/@smithy/hash-node/-/hash-node-3.0.3.tgz#82c5cb7b0f1a29ee7319081853d2d158c07dff24"
  integrity sha512-2ctBXpPMG+B3BtWSGNnKELJ7SH9e4TNefJS0cd2eSkOOROeBnnVBnAy9LtJ8tY4vUEoe55N4CNPxzbWvR39iBw==
  dependencies:
    "@smithy/types" "^3.3.0"
    "@smithy/util-buffer-from" "^3.0.0"
    "@smithy/util-utf8" "^3.0.0"
    tslib "^2.6.2"

"@smithy/invalid-dependency@^3.0.3":
  version "3.0.3"
  resolved "https://registry.yarnpkg.com/@smithy/invalid-dependency/-/invalid-dependency-3.0.3.tgz#8d9fd70e3a94b565a4eba4ffbdc95238e1930528"
  integrity sha512-ID1eL/zpDULmHJbflb864k72/SNOZCADRc9i7Exq3RUNJw6raWUSlFEQ+3PX3EYs++bTxZB2dE9mEHTQLv61tw==
  dependencies:
    "@smithy/types" "^3.3.0"
    tslib "^2.6.2"

"@smithy/is-array-buffer@^2.0.0":
  version "2.0.0"
  resolved "https://registry.yarnpkg.com/@smithy/is-array-buffer/-/is-array-buffer-2.0.0.tgz#8fa9b8040651e7ba0b2f6106e636a91354ff7d34"
  integrity sha512-z3PjFjMyZNI98JFRJi/U0nGoLWMSJlDjAW4QUX2WNZLas5C0CmVV6LJ01JI0k90l7FvpmixjWxPFmENSClQ7ug==
  dependencies:
    tslib "^2.5.0"

"@smithy/is-array-buffer@^3.0.0":
  version "3.0.0"
  resolved "https://registry.yarnpkg.com/@smithy/is-array-buffer/-/is-array-buffer-3.0.0.tgz#9a95c2d46b8768946a9eec7f935feaddcffa5e7a"
  integrity sha512-+Fsu6Q6C4RSJiy81Y8eApjEB5gVtM+oFKTffg+jSuwtvomJJrhUJBu2zS8wjXSgH/g1MKEWrzyChTBe6clb5FQ==
  dependencies:
    tslib "^2.6.2"

"@smithy/middleware-content-length@^3.0.5":
  version "3.0.5"
  resolved "https://registry.yarnpkg.com/@smithy/middleware-content-length/-/middleware-content-length-3.0.5.tgz#1680aa4fb2a1c0505756103c9a5c2916307d9035"
  integrity sha512-ILEzC2eyxx6ncej3zZSwMpB5RJ0zuqH7eMptxC4KN3f+v9bqT8ohssKbhNR78k/2tWW+KS5Spw+tbPF4Ejyqvw==
  dependencies:
    "@smithy/protocol-http" "^4.1.0"
    "@smithy/types" "^3.3.0"
    tslib "^2.6.2"

"@smithy/middleware-endpoint@^3.1.0":
  version "3.1.0"
  resolved "https://registry.yarnpkg.com/@smithy/middleware-endpoint/-/middleware-endpoint-3.1.0.tgz#9b8a496d87a68ec43f3f1a0139868d6765a88119"
  integrity sha512-5y5aiKCEwg9TDPB4yFE7H6tYvGFf1OJHNczeY10/EFF8Ir8jZbNntQJxMWNfeQjC1mxPsaQ6mR9cvQbf+0YeMw==
  dependencies:
    "@smithy/middleware-serde" "^3.0.3"
    "@smithy/node-config-provider" "^3.1.4"
    "@smithy/shared-ini-file-loader" "^3.1.4"
    "@smithy/types" "^3.3.0"
    "@smithy/url-parser" "^3.0.3"
    "@smithy/util-middleware" "^3.0.3"
    tslib "^2.6.2"

"@smithy/middleware-retry@^3.0.13":
  version "3.0.13"
  resolved "https://registry.yarnpkg.com/@smithy/middleware-retry/-/middleware-retry-3.0.13.tgz#3bdd662aff01f360fcbaa166500bbc575dc9d1d0"
  integrity sha512-zvCLfaRYCaUmjbF2yxShGZdolSHft7NNCTA28HVN9hKcEbOH+g5irr1X9s+in8EpambclGnevZY4A3lYpvDCFw==
  dependencies:
    "@smithy/node-config-provider" "^3.1.4"
    "@smithy/protocol-http" "^4.1.0"
    "@smithy/service-error-classification" "^3.0.3"
    "@smithy/smithy-client" "^3.1.11"
    "@smithy/types" "^3.3.0"
    "@smithy/util-middleware" "^3.0.3"
    "@smithy/util-retry" "^3.0.3"
    tslib "^2.6.2"
    uuid "^9.0.1"

"@smithy/middleware-serde@^3.0.3":
  version "3.0.3"
  resolved "https://registry.yarnpkg.com/@smithy/middleware-serde/-/middleware-serde-3.0.3.tgz#74d974460f74d99f38c861e6862984543a880a66"
  integrity sha512-puUbyJQBcg9eSErFXjKNiGILJGtiqmuuNKEYNYfUD57fUl4i9+mfmThtQhvFXU0hCVG0iEJhvQUipUf+/SsFdA==
  dependencies:
    "@smithy/types" "^3.3.0"
    tslib "^2.6.2"

"@smithy/middleware-stack@^3.0.3":
  version "3.0.3"
  resolved "https://registry.yarnpkg.com/@smithy/middleware-stack/-/middleware-stack-3.0.3.tgz#91845c7e61e6f137fa912b623b6def719a4f6ce7"
  integrity sha512-r4klY9nFudB0r9UdSMaGSyjyQK5adUyPnQN/ZM6M75phTxOdnc/AhpvGD1fQUvgmqjQEBGCwpnPbDm8pH5PapA==
  dependencies:
    "@smithy/types" "^3.3.0"
    tslib "^2.6.2"

"@smithy/node-config-provider@^3.1.4":
  version "3.1.4"
  resolved "https://registry.yarnpkg.com/@smithy/node-config-provider/-/node-config-provider-3.1.4.tgz#05647bed666aa8036a1ad72323c1942e5d421be1"
  integrity sha512-YvnElQy8HR4vDcAjoy7Xkx9YT8xZP4cBXcbJSgm/kxmiQu08DwUwj8rkGnyoJTpfl/3xYHH+d8zE+eHqoDCSdQ==
  dependencies:
    "@smithy/property-provider" "^3.1.3"
    "@smithy/shared-ini-file-loader" "^3.1.4"
    "@smithy/types" "^3.3.0"
    tslib "^2.6.2"

"@smithy/node-http-handler@^3.1.4":
  version "3.1.4"
  resolved "https://registry.yarnpkg.com/@smithy/node-http-handler/-/node-http-handler-3.1.4.tgz#be4195e45639e690d522cd5f11513ea822ff9d5f"
  integrity sha512-+UmxgixgOr/yLsUxcEKGH0fMNVteJFGkmRltYFHnBMlogyFdpzn2CwqWmxOrfJELhV34v0WSlaqG1UtE1uXlJg==
  dependencies:
    "@smithy/abort-controller" "^3.1.1"
    "@smithy/protocol-http" "^4.1.0"
    "@smithy/querystring-builder" "^3.0.3"
    "@smithy/types" "^3.3.0"
    tslib "^2.6.2"

"@smithy/property-provider@^3.1.3":
  version "3.1.3"
  resolved "https://registry.yarnpkg.com/@smithy/property-provider/-/property-provider-3.1.3.tgz#afd57ea82a3f6c79fbda95e3cb85c0ee0a79f39a"
  integrity sha512-zahyOVR9Q4PEoguJ/NrFP4O7SMAfYO1HLhB18M+q+Z4KFd4V2obiMnlVoUFzFLSPeVt1POyNWneHHrZaTMoc/g==
  dependencies:
    "@smithy/types" "^3.3.0"
    tslib "^2.6.2"

"@smithy/protocol-http@^4.1.0":
  version "4.1.0"
  resolved "https://registry.yarnpkg.com/@smithy/protocol-http/-/protocol-http-4.1.0.tgz#23519d8f45bf4f33960ea5415847bc2b620a010b"
  integrity sha512-dPVoHYQ2wcHooGXg3LQisa1hH0e4y0pAddPMeeUPipI1tEOqL6A4N0/G7abeq+K8wrwSgjk4C0wnD1XZpJm5aA==
  dependencies:
    "@smithy/types" "^3.3.0"
    tslib "^2.6.2"

"@smithy/querystring-builder@^3.0.3":
  version "3.0.3"
  resolved "https://registry.yarnpkg.com/@smithy/querystring-builder/-/querystring-builder-3.0.3.tgz#6b0e566f885bb84938d077c69e8f8555f686af13"
  integrity sha512-vyWckeUeesFKzCDaRwWLUA1Xym9McaA6XpFfAK5qI9DKJ4M33ooQGqvM4J+LalH4u/Dq9nFiC8U6Qn1qi0+9zw==
  dependencies:
    "@smithy/types" "^3.3.0"
    "@smithy/util-uri-escape" "^3.0.0"
    tslib "^2.6.2"

"@smithy/querystring-parser@^3.0.3":
  version "3.0.3"
  resolved "https://registry.yarnpkg.com/@smithy/querystring-parser/-/querystring-parser-3.0.3.tgz#272a6b83f88dfcbbec8283d72a6bde850cc00091"
  integrity sha512-zahM1lQv2YjmznnfQsWbYojFe55l0SLG/988brlLv1i8z3dubloLF+75ATRsqPBboUXsW6I9CPGE5rQgLfY0vQ==
  dependencies:
    "@smithy/types" "^3.3.0"
    tslib "^2.6.2"

"@smithy/service-error-classification@^3.0.3":
  version "3.0.3"
  resolved "https://registry.yarnpkg.com/@smithy/service-error-classification/-/service-error-classification-3.0.3.tgz#73484255060a094aa9372f6cd972dcaf97e3ce80"
  integrity sha512-Jn39sSl8cim/VlkLsUhRFq/dKDnRUFlfRkvhOJaUbLBXUsLRLNf9WaxDv/z9BjuQ3A6k/qE8af1lsqcwm7+DaQ==
  dependencies:
    "@smithy/types" "^3.3.0"

"@smithy/shared-ini-file-loader@^3.1.4":
  version "3.1.4"
  resolved "https://registry.yarnpkg.com/@smithy/shared-ini-file-loader/-/shared-ini-file-loader-3.1.4.tgz#7dceaf5a5307a2ee347ace8aba17312a1a3ede15"
  integrity sha512-qMxS4hBGB8FY2GQqshcRUy1K6k8aBWP5vwm8qKkCT3A9K2dawUwOIJfqh9Yste/Bl0J2lzosVyrXDj68kLcHXQ==
  dependencies:
    "@smithy/types" "^3.3.0"
    tslib "^2.6.2"

"@smithy/signature-v4@^4.1.0":
  version "4.1.0"
  resolved "https://registry.yarnpkg.com/@smithy/signature-v4/-/signature-v4-4.1.0.tgz#251ff43dc1f4ad66776122732fea9e56efc56443"
  integrity sha512-aRryp2XNZeRcOtuJoxjydO6QTaVhxx/vjaR+gx7ZjaFgrgPRyZ3HCTbfwqYj6ZWEBHkCSUfcaymKPURaByukag==
  dependencies:
    "@smithy/is-array-buffer" "^3.0.0"
    "@smithy/protocol-http" "^4.1.0"
    "@smithy/types" "^3.3.0"
    "@smithy/util-hex-encoding" "^3.0.0"
    "@smithy/util-middleware" "^3.0.3"
    "@smithy/util-uri-escape" "^3.0.0"
    "@smithy/util-utf8" "^3.0.0"
    tslib "^2.6.2"

"@smithy/smithy-client@^3.1.11":
  version "3.1.11"
  resolved "https://registry.yarnpkg.com/@smithy/smithy-client/-/smithy-client-3.1.11.tgz#f12a7a0acaa7db3ead488ddf12ef4681daec11a7"
  integrity sha512-l0BpyYkciNyMaS+PnFFz4aO5sBcXvGLoJd7mX9xrMBIm2nIQBVvYgp2ZpPDMzwjKCavsXu06iuCm0F6ZJZc6yQ==
  dependencies:
    "@smithy/middleware-endpoint" "^3.1.0"
    "@smithy/middleware-stack" "^3.0.3"
    "@smithy/protocol-http" "^4.1.0"
    "@smithy/types" "^3.3.0"
    "@smithy/util-stream" "^3.1.3"
    tslib "^2.6.2"

"@smithy/types@^2.3.1":
  version "2.12.0"
  resolved "https://registry.yarnpkg.com/@smithy/types/-/types-2.12.0.tgz#c44845f8ba07e5e8c88eda5aed7e6a0c462da041"
  integrity sha512-QwYgloJ0sVNBeBuBs65cIkTbfzV/Q6ZNPCJ99EICFEdJYG50nGIY/uYXp+TbsdJReIuPr0a0kXmCvren3MbRRw==
  dependencies:
    tslib "^2.6.2"

"@smithy/types@^3.3.0":
  version "3.3.0"
  resolved "https://registry.yarnpkg.com/@smithy/types/-/types-3.3.0.tgz#fae037c733d09bc758946a01a3de0ef6e210b16b"
  integrity sha512-IxvBBCTFDHbVoK7zIxqA1ZOdc4QfM5HM7rGleCuHi7L1wnKv5Pn69xXJQ9hgxH60ZVygH9/JG0jRgtUncE3QUA==
  dependencies:
    tslib "^2.6.2"

"@smithy/url-parser@^3.0.3":
  version "3.0.3"
  resolved "https://registry.yarnpkg.com/@smithy/url-parser/-/url-parser-3.0.3.tgz#e8a060d9810b24b1870385fc2b02485b8a6c5955"
  integrity sha512-pw3VtZtX2rg+s6HMs6/+u9+hu6oY6U7IohGhVNnjbgKy86wcIsSZwgHrFR+t67Uyxvp4Xz3p3kGXXIpTNisq8A==
  dependencies:
    "@smithy/querystring-parser" "^3.0.3"
    "@smithy/types" "^3.3.0"
    tslib "^2.6.2"

"@smithy/util-base64@^3.0.0":
  version "3.0.0"
  resolved "https://registry.yarnpkg.com/@smithy/util-base64/-/util-base64-3.0.0.tgz#f7a9a82adf34e27a72d0719395713edf0e493017"
  integrity sha512-Kxvoh5Qtt0CDsfajiZOCpJxgtPHXOKwmM+Zy4waD43UoEMA+qPxxa98aE/7ZhdnBFZFXMOiBR5xbcaMhLtznQQ==
  dependencies:
    "@smithy/util-buffer-from" "^3.0.0"
    "@smithy/util-utf8" "^3.0.0"
    tslib "^2.6.2"

"@smithy/util-body-length-browser@^3.0.0":
  version "3.0.0"
  resolved "https://registry.yarnpkg.com/@smithy/util-body-length-browser/-/util-body-length-browser-3.0.0.tgz#86ec2f6256310b4845a2f064e2f571c1ca164ded"
  integrity sha512-cbjJs2A1mLYmqmyVl80uoLTJhAcfzMOyPgjwAYusWKMdLeNtzmMz9YxNl3/jRLoxSS3wkqkf0jwNdtXWtyEBaQ==
  dependencies:
    tslib "^2.6.2"

"@smithy/util-body-length-node@^3.0.0":
  version "3.0.0"
  resolved "https://registry.yarnpkg.com/@smithy/util-body-length-node/-/util-body-length-node-3.0.0.tgz#99a291bae40d8932166907fe981d6a1f54298a6d"
  integrity sha512-Tj7pZ4bUloNUP6PzwhN7K386tmSmEET9QtQg0TgdNOnxhZvCssHji+oZTUIuzxECRfG8rdm2PMw2WCFs6eIYkA==
  dependencies:
    tslib "^2.6.2"

"@smithy/util-buffer-from@^2.0.0":
  version "2.0.0"
  resolved "https://registry.yarnpkg.com/@smithy/util-buffer-from/-/util-buffer-from-2.0.0.tgz#7eb75d72288b6b3001bc5f75b48b711513091deb"
  integrity sha512-/YNnLoHsR+4W4Vf2wL5lGv0ksg8Bmk3GEGxn2vEQt52AQaPSCuaO5PM5VM7lP1K9qHRKHwrPGktqVoAHKWHxzw==
  dependencies:
    "@smithy/is-array-buffer" "^2.0.0"
    tslib "^2.5.0"

"@smithy/util-buffer-from@^3.0.0":
  version "3.0.0"
  resolved "https://registry.yarnpkg.com/@smithy/util-buffer-from/-/util-buffer-from-3.0.0.tgz#559fc1c86138a89b2edaefc1e6677780c24594e3"
  integrity sha512-aEOHCgq5RWFbP+UDPvPot26EJHjOC+bRgse5A8V3FSShqd5E5UN4qc7zkwsvJPPAVsf73QwYcHN1/gt/rtLwQA==
  dependencies:
    "@smithy/is-array-buffer" "^3.0.0"
    tslib "^2.6.2"

"@smithy/util-config-provider@^3.0.0":
  version "3.0.0"
  resolved "https://registry.yarnpkg.com/@smithy/util-config-provider/-/util-config-provider-3.0.0.tgz#62c6b73b22a430e84888a8f8da4b6029dd5b8efe"
  integrity sha512-pbjk4s0fwq3Di/ANL+rCvJMKM5bzAQdE5S/6RL5NXgMExFAi6UgQMPOm5yPaIWPpr+EOXKXRonJ3FoxKf4mCJQ==
  dependencies:
    tslib "^2.6.2"

"@smithy/util-defaults-mode-browser@^3.0.13":
  version "3.0.13"
  resolved "https://registry.yarnpkg.com/@smithy/util-defaults-mode-browser/-/util-defaults-mode-browser-3.0.13.tgz#f574bbb89d60f5dcc443f106087d317b370634d0"
  integrity sha512-ZIRSUsnnMRStOP6OKtW+gCSiVFkwnfQF2xtf32QKAbHR6ACjhbAybDvry+3L5qQYdh3H6+7yD/AiUE45n8mTTw==
  dependencies:
    "@smithy/property-provider" "^3.1.3"
    "@smithy/smithy-client" "^3.1.11"
    "@smithy/types" "^3.3.0"
    bowser "^2.11.0"
    tslib "^2.6.2"

"@smithy/util-defaults-mode-node@^3.0.13":
  version "3.0.13"
  resolved "https://registry.yarnpkg.com/@smithy/util-defaults-mode-node/-/util-defaults-mode-node-3.0.13.tgz#cdd3a08bb5af4d17c2b0a951af9936ce7f3bae93"
  integrity sha512-voUa8TFJGfD+U12tlNNLCDlXibt9vRdNzRX45Onk/WxZe7TS+hTOZouEZRa7oARGicdgeXvt1A0W45qLGYdy+g==
  dependencies:
    "@smithy/config-resolver" "^3.0.5"
    "@smithy/credential-provider-imds" "^3.2.0"
    "@smithy/node-config-provider" "^3.1.4"
    "@smithy/property-provider" "^3.1.3"
    "@smithy/smithy-client" "^3.1.11"
    "@smithy/types" "^3.3.0"
    tslib "^2.6.2"

"@smithy/util-endpoints@^2.0.5":
  version "2.0.5"
  resolved "https://registry.yarnpkg.com/@smithy/util-endpoints/-/util-endpoints-2.0.5.tgz#e3a7a4d1c41250bfd2b2d890d591273a7d8934be"
  integrity sha512-ReQP0BWihIE68OAblC/WQmDD40Gx+QY1Ez8mTdFMXpmjfxSyz2fVQu3A4zXRfQU9sZXtewk3GmhfOHswvX+eNg==
  dependencies:
    "@smithy/node-config-provider" "^3.1.4"
    "@smithy/types" "^3.3.0"
    tslib "^2.6.2"

"@smithy/util-hex-encoding@^3.0.0":
  version "3.0.0"
  resolved "https://registry.yarnpkg.com/@smithy/util-hex-encoding/-/util-hex-encoding-3.0.0.tgz#32938b33d5bf2a15796cd3f178a55b4155c535e6"
  integrity sha512-eFndh1WEK5YMUYvy3lPlVmYY/fZcQE1D8oSf41Id2vCeIkKJXPcYDCZD+4+xViI6b1XSd7tE+s5AmXzz5ilabQ==
  dependencies:
    tslib "^2.6.2"

"@smithy/util-middleware@^3.0.3":
  version "3.0.3"
  resolved "https://registry.yarnpkg.com/@smithy/util-middleware/-/util-middleware-3.0.3.tgz#07bf9602682f5a6c55bc2f0384303f85fc68c87e"
  integrity sha512-l+StyYYK/eO3DlVPbU+4Bi06Jjal+PFLSMmlWM1BEwyLxZ3aKkf1ROnoIakfaA7mC6uw3ny7JBkau4Yc+5zfWw==
  dependencies:
    "@smithy/types" "^3.3.0"
    tslib "^2.6.2"

"@smithy/util-retry@^3.0.3":
  version "3.0.3"
  resolved "https://registry.yarnpkg.com/@smithy/util-retry/-/util-retry-3.0.3.tgz#9b2ac0dbb1c81f69812a8affa4d772bebfc0e049"
  integrity sha512-AFw+hjpbtVApzpNDhbjNG5NA3kyoMs7vx0gsgmlJF4s+yz1Zlepde7J58zpIRIsdjc+emhpAITxA88qLkPF26w==
  dependencies:
    "@smithy/service-error-classification" "^3.0.3"
    "@smithy/types" "^3.3.0"
    tslib "^2.6.2"

"@smithy/util-stream@^3.1.3":
  version "3.1.3"
  resolved "https://registry.yarnpkg.com/@smithy/util-stream/-/util-stream-3.1.3.tgz#699ee2397cc1d474e46d2034039d5263812dca64"
  integrity sha512-FIv/bRhIlAxC0U7xM1BCnF2aDRPq0UaelqBHkM2lsCp26mcBbgI0tCVTv+jGdsQLUmAMybua/bjDsSu8RQHbmw==
  dependencies:
    "@smithy/fetch-http-handler" "^3.2.4"
    "@smithy/node-http-handler" "^3.1.4"
    "@smithy/types" "^3.3.0"
    "@smithy/util-base64" "^3.0.0"
    "@smithy/util-buffer-from" "^3.0.0"
    "@smithy/util-hex-encoding" "^3.0.0"
    "@smithy/util-utf8" "^3.0.0"
    tslib "^2.6.2"

"@smithy/util-uri-escape@^3.0.0":
  version "3.0.0"
  resolved "https://registry.yarnpkg.com/@smithy/util-uri-escape/-/util-uri-escape-3.0.0.tgz#e43358a78bf45d50bb736770077f0f09195b6f54"
  integrity sha512-LqR7qYLgZTD7nWLBecUi4aqolw8Mhza9ArpNEQ881MJJIU2sE5iHCK6TdyqqzcDLy0OPe10IY4T8ctVdtynubg==
  dependencies:
    tslib "^2.6.2"

"@smithy/util-utf8@^2.0.0":
  version "2.0.0"
  resolved "https://registry.yarnpkg.com/@smithy/util-utf8/-/util-utf8-2.0.0.tgz#b4da87566ea7757435e153799df9da717262ad42"
  integrity sha512-rctU1VkziY84n5OXe3bPNpKR001ZCME2JCaBBFgtiM2hfKbHFudc/BkMuPab8hRbLd0j3vbnBTTZ1igBf0wgiQ==
  dependencies:
    "@smithy/util-buffer-from" "^2.0.0"
    tslib "^2.5.0"

"@smithy/util-utf8@^3.0.0":
  version "3.0.0"
  resolved "https://registry.yarnpkg.com/@smithy/util-utf8/-/util-utf8-3.0.0.tgz#1a6a823d47cbec1fd6933e5fc87df975286d9d6a"
  integrity sha512-rUeT12bxFnplYDe815GXbq/oixEGHfRFFtcTF3YdDi/JaENIM6aSYYLJydG83UNzLXeRI5K8abYd/8Sp/QM0kA==
  dependencies:
    "@smithy/util-buffer-from" "^3.0.0"
    tslib "^2.6.2"

"@smithy/util-waiter@^3.1.2":
  version "3.1.2"
  resolved "https://registry.yarnpkg.com/@smithy/util-waiter/-/util-waiter-3.1.2.tgz#2d40c3312f3537feee763459a19acafab4c75cf3"
  integrity sha512-4pP0EV3iTsexDx+8PPGAKCQpd/6hsQBaQhqWzU4hqKPHN5epPsxKbvUTIiYIHTxaKt6/kEaqPBpu/ufvfbrRzw==
  dependencies:
    "@smithy/abort-controller" "^3.1.1"
    "@smithy/types" "^3.3.0"
    tslib "^2.6.2"

"@types/aws-lambda@^8.10.92":
  version "8.10.114"
  resolved "https://registry.yarnpkg.com/@types/aws-lambda/-/aws-lambda-8.10.114.tgz#4048273ebcd517dd118ecaa34b1368d275b6c7ad"
  integrity sha512-M8WpEGfC9iQ6V2Ccq6nGIXoQgeVc6z0Ngk8yCOL5V/TYIxshvb0MWQYLFFTZDesL0zmsoBc4OBjG9DB/4rei6w==

bowser@^2.11.0:
  version "2.11.0"
  resolved "https://registry.yarnpkg.com/bowser/-/bowser-2.11.0.tgz#5ca3c35757a7aa5771500c70a73a9f91ef420a8f"
  integrity sha512-AlcaJBi/pqqJBIQ8U9Mcpc9i8Aqxn88Skv5d+xBX006BY5u8N3mGLHa5Lgppa7L/HfwgwLgZ6NYs+Ag6uUmJRA==

fast-xml-parser@4.4.1:
  version "4.4.1"
  resolved "https://registry.yarnpkg.com/fast-xml-parser/-/fast-xml-parser-4.4.1.tgz#86dbf3f18edf8739326447bcaac31b4ae7f6514f"
  integrity sha512-xkjOecfnKGkSsOwtZ5Pz7Us/T6mrbPQrq0nh+aCO5V9nk5NLWmasAHumTKjiPJPWANe+kAZ84Jc8ooJkzZ88Sw==
  dependencies:
    strnum "^1.0.5"

strnum@^1.0.5:
  version "1.0.5"
  resolved "https://registry.yarnpkg.com/strnum/-/strnum-1.0.5.tgz#5c4e829fe15ad4ff0d20c3db5ac97b73c9b072db"
  integrity sha512-J8bbNyKKXl5qYcR36TIO8W3mVGVHrmmxsd5PAItGkmyzwJvybiw2IVq5nqd0i4LSNSkB/sx9VHllbfFdr9k1JA==

tslib@^2.5.0:
  version "2.6.2"
  resolved "https://registry.yarnpkg.com/tslib/-/tslib-2.6.2.tgz#703ac29425e7b37cd6fd456e92404d46d1f3e4ae"
  integrity sha512-AEYxH93jGFPn/a2iVAwW87VuUIkR1FVUKB77NwMF7nBTDkDrrT/Hpt/IrCJ0QXhW27jTBDcf5ZY7w6RiqTMw2Q==

tslib@^2.6.2:
  version "2.6.3"
  resolved "https://registry.yarnpkg.com/tslib/-/tslib-2.6.3.tgz#0438f810ad7a9edcde7a241c3d80db693c8cbfe0"
  integrity sha512-xNvxJEOUiWPGhUuUdQgAJPKOOJfGnIyKySOc09XkKsgdUV/3E2zvwZYdejjmRgPCgcym1juLH3226yA7sEFJKQ==

uuid@^9.0.1:
  version "9.0.1"
  resolved "https://registry.yarnpkg.com/uuid/-/uuid-9.0.1.tgz#e188d4c8853cc722220392c424cd637f32293f30"
  integrity sha512-b+1eJOlsR9K8HJpow9Ok3fiWOWSIcIzXodvv0rQjVoOVNpWMpxf1wZNpt4y9h10odCNrqnYp1OBzRktckBe3sA==
