# THIS IS AN AUTOGENERATED FILE. DO NOT EDIT THIS FILE DIRECTLY.
# yarn lockfile v1


"@aws-crypto/crc32@3.0.0":
  version "3.0.0"
  resolved "https://registry.yarnpkg.com/@aws-crypto/crc32/-/crc32-3.0.0.tgz#07300eca214409c33e3ff769cd5697b57fdd38fa"
  integrity sha512-IzSgsrxUcsrejQbPVilIKy16kAT52EwB6zSaI+M3xxIhKh5+aldEyvI+z6erM7TCLB2BJsFrtHjp6/4/sr+3dA==
  dependencies:
    "@aws-crypto/util" "^3.0.0"
    "@aws-sdk/types" "^3.222.0"
    tslib "^1.11.1"

"@aws-crypto/ie11-detection@^3.0.0":
  version "3.0.0"
  resolved "https://registry.yarnpkg.com/@aws-crypto/ie11-detection/-/ie11-detection-3.0.0.tgz#640ae66b4ec3395cee6a8e94ebcd9f80c24cd688"
  integrity sha512-341lBBkiY1DfDNKai/wXM3aujNBkXR7tq1URPQDL9wi3AUbI80NR74uF1TXHMm7po1AcnFk8iu2S2IeU/+/A+Q==
  dependencies:
    tslib "^1.11.1"

"@aws-crypto/sha256-browser@3.0.0":
  version "3.0.0"
  resolved "https://registry.yarnpkg.com/@aws-crypto/sha256-browser/-/sha256-browser-3.0.0.tgz#05f160138ab893f1c6ba5be57cfd108f05827766"
  integrity sha512-8VLmW2B+gjFbU5uMeqtQM6Nj0/F1bro80xQXCW6CQBWgosFWXTx77aeOF5CAIAmbOK64SdMBJdNr6J41yP5mvQ==
  dependencies:
    "@aws-crypto/ie11-detection" "^3.0.0"
    "@aws-crypto/sha256-js" "^3.0.0"
    "@aws-crypto/supports-web-crypto" "^3.0.0"
    "@aws-crypto/util" "^3.0.0"
    "@aws-sdk/types" "^3.222.0"
    "@aws-sdk/util-locate-window" "^3.0.0"
    "@aws-sdk/util-utf8-browser" "^3.0.0"
    tslib "^1.11.1"

"@aws-crypto/sha256-js@3.0.0", "@aws-crypto/sha256-js@^3.0.0":
  version "3.0.0"
  resolved "https://registry.yarnpkg.com/@aws-crypto/sha256-js/-/sha256-js-3.0.0.tgz#f06b84d550d25521e60d2a0e2a90139341e007c2"
  integrity sha512-PnNN7os0+yd1XvXAy23CFOmTbMaDxgxXtTKHybrJ39Y8kGzBATgBFibWJKH6BhytLI/Zyszs87xCOBNyBig6vQ==
  dependencies:
    "@aws-crypto/util" "^3.0.0"
    "@aws-sdk/types" "^3.222.0"
    tslib "^1.11.1"

"@aws-crypto/supports-web-crypto@^3.0.0":
  version "3.0.0"
  resolved "https://registry.yarnpkg.com/@aws-crypto/supports-web-crypto/-/supports-web-crypto-3.0.0.tgz#5d1bf825afa8072af2717c3e455f35cda0103ec2"
  integrity sha512-06hBdMwUAb2WFTuGG73LSC0wfPu93xWwo5vL2et9eymgmu3Id5vFAHBbajVWiGhPO37qcsdCap/FqXvJGJWPIg==
  dependencies:
    tslib "^1.11.1"

"@aws-crypto/util@^3.0.0":
  version "3.0.0"
  resolved "https://registry.yarnpkg.com/@aws-crypto/util/-/util-3.0.0.tgz#1c7ca90c29293f0883468ad48117937f0fe5bfb0"
  integrity sha512-2OJlpeJpCR48CC8r+uKVChzs9Iungj9wkZrl8Z041DWEWvyIHILYKCPNzJghKsivj+S3mLo6BVc7mBNzdxA46w==
  dependencies:
    "@aws-sdk/types" "^3.222.0"
    "@aws-sdk/util-utf8-browser" "^3.0.0"
    tslib "^1.11.1"

"@aws-sdk/client-rekognition@latest":
  version "3.413.0"
  resolved "https://registry.yarnpkg.com/@aws-sdk/client-rekognition/-/client-rekognition-3.413.0.tgz#9657f6c69ba5b7d86606b6548d248f74d356f43f"
  integrity sha512-b2iL8JKS+5jPPfO3o2zElWXH4AQ2QQ2cfzTkc34qgGlKbNS0ZJEsbUeP3kvomOQuy2rHOxCk3ek0HBawewo3aA==
  dependencies:
    "@aws-crypto/sha256-browser" "3.0.0"
    "@aws-crypto/sha256-js" "3.0.0"
    "@aws-sdk/client-sts" "3.413.0"
    "@aws-sdk/credential-provider-node" "3.413.0"
    "@aws-sdk/middleware-host-header" "3.413.0"
    "@aws-sdk/middleware-logger" "3.413.0"
    "@aws-sdk/middleware-recursion-detection" "3.413.0"
    "@aws-sdk/middleware-signing" "3.413.0"
    "@aws-sdk/middleware-user-agent" "3.413.0"
    "@aws-sdk/types" "3.413.0"
    "@aws-sdk/util-endpoints" "3.413.0"
    "@aws-sdk/util-user-agent-browser" "3.413.0"
    "@aws-sdk/util-user-agent-node" "3.413.0"
    "@smithy/config-resolver" "^2.0.8"
    "@smithy/fetch-http-handler" "^2.1.3"
    "@smithy/hash-node" "^2.0.7"
    "@smithy/invalid-dependency" "^2.0.7"
    "@smithy/middleware-content-length" "^2.0.9"
    "@smithy/middleware-endpoint" "^2.0.7"
    "@smithy/middleware-retry" "^2.0.10"
    "@smithy/middleware-serde" "^2.0.7"
    "@smithy/middleware-stack" "^2.0.0"
    "@smithy/node-config-provider" "^2.0.10"
    "@smithy/node-http-handler" "^2.1.3"
    "@smithy/protocol-http" "^3.0.3"
    "@smithy/smithy-client" "^2.1.4"
    "@smithy/types" "^2.3.1"
    "@smithy/url-parser" "^2.0.7"
    "@smithy/util-base64" "^2.0.0"
    "@smithy/util-body-length-browser" "^2.0.0"
    "@smithy/util-body-length-node" "^2.1.0"
    "@smithy/util-defaults-mode-browser" "^2.0.8"
    "@smithy/util-defaults-mode-node" "^2.0.10"
    "@smithy/util-retry" "^2.0.0"
    "@smithy/util-utf8" "^2.0.0"
    "@smithy/util-waiter" "^2.0.7"
    tslib "^2.5.0"
    uuid "^8.3.2"

"@aws-sdk/client-sso@3.413.0":
  version "3.413.0"
  resolved "https://registry.yarnpkg.com/@aws-sdk/client-sso/-/client-sso-3.413.0.tgz#9b0671b4249e7802709136b95e536d9008f254cd"
  integrity sha512-mK+lygF85FzPAO+h9C0GZiFHxb9FguGVfpmovOTczjDE7LMp20D8kAk0hZGf/oshD+R/wdkmcmYugl/aBlvVZg==
  dependencies:
    "@aws-crypto/sha256-browser" "3.0.0"
    "@aws-crypto/sha256-js" "3.0.0"
    "@aws-sdk/middleware-host-header" "3.413.0"
    "@aws-sdk/middleware-logger" "3.413.0"
    "@aws-sdk/middleware-recursion-detection" "3.413.0"
    "@aws-sdk/middleware-user-agent" "3.413.0"
    "@aws-sdk/types" "3.413.0"
    "@aws-sdk/util-endpoints" "3.413.0"
    "@aws-sdk/util-user-agent-browser" "3.413.0"
    "@aws-sdk/util-user-agent-node" "3.413.0"
    "@smithy/config-resolver" "^2.0.8"
    "@smithy/fetch-http-handler" "^2.1.3"
    "@smithy/hash-node" "^2.0.7"
    "@smithy/invalid-dependency" "^2.0.7"
    "@smithy/middleware-content-length" "^2.0.9"
    "@smithy/middleware-endpoint" "^2.0.7"
    "@smithy/middleware-retry" "^2.0.10"
    "@smithy/middleware-serde" "^2.0.7"
    "@smithy/middleware-stack" "^2.0.0"
    "@smithy/node-config-provider" "^2.0.10"
    "@smithy/node-http-handler" "^2.1.3"
    "@smithy/protocol-http" "^3.0.3"
    "@smithy/smithy-client" "^2.1.4"
    "@smithy/types" "^2.3.1"
    "@smithy/url-parser" "^2.0.7"
    "@smithy/util-base64" "^2.0.0"
    "@smithy/util-body-length-browser" "^2.0.0"
    "@smithy/util-body-length-node" "^2.1.0"
    "@smithy/util-defaults-mode-browser" "^2.0.8"
    "@smithy/util-defaults-mode-node" "^2.0.10"
    "@smithy/util-retry" "^2.0.0"
    "@smithy/util-utf8" "^2.0.0"
    tslib "^2.5.0"

"@aws-sdk/client-sts@3.413.0":
  version "3.413.0"
  resolved "https://registry.yarnpkg.com/@aws-sdk/client-sts/-/client-sts-3.413.0.tgz#003de9b211c512249d08806164fd959dd259fe27"
  integrity sha512-tNRK3qso5RQfbmMyr9dG79UDHyVKyNaJgytlhGcUkhcRGMlTFqoTW02C6poA5Hj9BEUQyKUJueOnWz4rVNQnEg==
  dependencies:
    "@aws-crypto/sha256-browser" "3.0.0"
    "@aws-crypto/sha256-js" "3.0.0"
    "@aws-sdk/credential-provider-node" "3.413.0"
    "@aws-sdk/middleware-host-header" "3.413.0"
    "@aws-sdk/middleware-logger" "3.413.0"
    "@aws-sdk/middleware-recursion-detection" "3.413.0"
    "@aws-sdk/middleware-sdk-sts" "3.413.0"
    "@aws-sdk/middleware-signing" "3.413.0"
    "@aws-sdk/middleware-user-agent" "3.413.0"
    "@aws-sdk/types" "3.413.0"
    "@aws-sdk/util-endpoints" "3.413.0"
    "@aws-sdk/util-user-agent-browser" "3.413.0"
    "@aws-sdk/util-user-agent-node" "3.413.0"
    "@smithy/config-resolver" "^2.0.8"
    "@smithy/fetch-http-handler" "^2.1.3"
    "@smithy/hash-node" "^2.0.7"
    "@smithy/invalid-dependency" "^2.0.7"
    "@smithy/middleware-content-length" "^2.0.9"
    "@smithy/middleware-endpoint" "^2.0.7"
    "@smithy/middleware-retry" "^2.0.10"
    "@smithy/middleware-serde" "^2.0.7"
    "@smithy/middleware-stack" "^2.0.0"
    "@smithy/node-config-provider" "^2.0.10"
    "@smithy/node-http-handler" "^2.1.3"
    "@smithy/protocol-http" "^3.0.3"
    "@smithy/smithy-client" "^2.1.4"
    "@smithy/types" "^2.3.1"
    "@smithy/url-parser" "^2.0.7"
    "@smithy/util-base64" "^2.0.0"
    "@smithy/util-body-length-browser" "^2.0.0"
    "@smithy/util-body-length-node" "^2.1.0"
    "@smithy/util-defaults-mode-browser" "^2.0.8"
    "@smithy/util-defaults-mode-node" "^2.0.10"
    "@smithy/util-retry" "^2.0.0"
    "@smithy/util-utf8" "^2.0.0"
    fast-xml-parser "4.2.5"
    tslib "^2.5.0"

"@aws-sdk/credential-provider-env@3.413.0":
  version "3.413.0"
  resolved "https://registry.yarnpkg.com/@aws-sdk/credential-provider-env/-/credential-provider-env-3.413.0.tgz#46a4c665d4fa5f6a1823590b2c9cc96244af43dd"
  integrity sha512-yeMOkfG20/RlzfPMtQuDB647AcPEvFEVYOWZzAWVJfldYQ5ybKr0d7sBkgG9sdAzGkK3Aw9dE4rigYI8EIqc1Q==
  dependencies:
    "@aws-sdk/types" "3.413.0"
    "@smithy/property-provider" "^2.0.0"
    "@smithy/types" "^2.3.1"
    tslib "^2.5.0"

"@aws-sdk/credential-provider-ini@3.413.0":
  version "3.413.0"
  resolved "https://registry.yarnpkg.com/@aws-sdk/credential-provider-ini/-/credential-provider-ini-3.413.0.tgz#0bba41861cdf53a6122359312b8dd61eea919c67"
  integrity sha512-h5UUGBvDfBg9F1U6XbWquFMqbe8uqY/FNv4ngfxYaj8zSk2iTfJ9s918vmRlduiKFB0Z1GaaxNv20z6d/usVrA==
  dependencies:
    "@aws-sdk/credential-provider-env" "3.413.0"
    "@aws-sdk/credential-provider-process" "3.413.0"
    "@aws-sdk/credential-provider-sso" "3.413.0"
    "@aws-sdk/credential-provider-web-identity" "3.413.0"
    "@aws-sdk/types" "3.413.0"
    "@smithy/credential-provider-imds" "^2.0.0"
    "@smithy/property-provider" "^2.0.0"
    "@smithy/shared-ini-file-loader" "^2.0.6"
    "@smithy/types" "^2.3.1"
    tslib "^2.5.0"

"@aws-sdk/credential-provider-node@3.413.0":
  version "3.413.0"
  resolved "https://registry.yarnpkg.com/@aws-sdk/credential-provider-node/-/credential-provider-node-3.413.0.tgz#0069071c593619e19762953bb56e90444d5e1e0b"
  integrity sha512-kXfdZrOKN8KN9pjvppLhSHXVBDRCzhDQtTyJudx6UwENgp5x1ARBKFTTg4I7B1+SgMsmIH3GMA0K6woLVAIXoA==
  dependencies:
    "@aws-sdk/credential-provider-env" "3.413.0"
    "@aws-sdk/credential-provider-ini" "3.413.0"
    "@aws-sdk/credential-provider-process" "3.413.0"
    "@aws-sdk/credential-provider-sso" "3.413.0"
    "@aws-sdk/credential-provider-web-identity" "3.413.0"
    "@aws-sdk/types" "3.413.0"
    "@smithy/credential-provider-imds" "^2.0.0"
    "@smithy/property-provider" "^2.0.0"
    "@smithy/shared-ini-file-loader" "^2.0.6"
    "@smithy/types" "^2.3.1"
    tslib "^2.5.0"

"@aws-sdk/credential-provider-process@3.413.0":
  version "3.413.0"
  resolved "https://registry.yarnpkg.com/@aws-sdk/credential-provider-process/-/credential-provider-process-3.413.0.tgz#60c5f9810c6b8ec4846f73593534a37a0ae77883"
  integrity sha512-GFJdgS14GzJ1wc2DEnS44Z/34iBZ05CAkvDsLN2CMwcDgH4eZuif9/x0lwzIJBK3xVFHzYUeVvEzsqRPbCHRsw==
  dependencies:
    "@aws-sdk/types" "3.413.0"
    "@smithy/property-provider" "^2.0.0"
    "@smithy/shared-ini-file-loader" "^2.0.6"
    "@smithy/types" "^2.3.1"
    tslib "^2.5.0"

"@aws-sdk/credential-provider-sso@3.413.0":
  version "3.413.0"
  resolved "https://registry.yarnpkg.com/@aws-sdk/credential-provider-sso/-/credential-provider-sso-3.413.0.tgz#b7058f79e4fd346bc32f8af96bd2bd0547db509e"
  integrity sha512-wLQYJ916imwUr+MdvAE1PGC4fQ6MBhnJeBxCjHjCYBFVYs69U3u6sYL4TT6BPsKtSo3k9gnjSkUvBa4OCerQ0w==
  dependencies:
    "@aws-sdk/client-sso" "3.413.0"
    "@aws-sdk/token-providers" "3.413.0"
    "@aws-sdk/types" "3.413.0"
    "@smithy/property-provider" "^2.0.0"
    "@smithy/shared-ini-file-loader" "^2.0.6"
    "@smithy/types" "^2.3.1"
    tslib "^2.5.0"

"@aws-sdk/credential-provider-web-identity@3.413.0":
  version "3.413.0"
  resolved "https://registry.yarnpkg.com/@aws-sdk/credential-provider-web-identity/-/credential-provider-web-identity-3.413.0.tgz#a9a41a2ce3868328c7f8c9b4d1e42b769ee6634e"
  integrity sha512-5cdA1Iq9JeEHtg59ERV9fdMQ7cS0JF6gH/BWA7HYEUGdSVPXCuwyEggPtG64QgpNU7SmxH+QdDG+Ldxz09ycIA==
  dependencies:
    "@aws-sdk/types" "3.413.0"
    "@smithy/property-provider" "^2.0.0"
    "@smithy/types" "^2.3.1"
    tslib "^2.5.0"

"@aws-sdk/middleware-host-header@3.413.0":
  version "3.413.0"
  resolved "https://registry.yarnpkg.com/@aws-sdk/middleware-host-header/-/middleware-host-header-3.413.0.tgz#fd93d392823a73054755142b97d024e7f9e65e4b"
  integrity sha512-r9PQx468EzPHo9wRzZLfgROpKtVdbkteMrdhsuM12bifVHjU1OHr7yfhc1OdWv39X8Xiv6F8n5r+RBQEM0S6+g==
  dependencies:
    "@aws-sdk/types" "3.413.0"
    "@smithy/protocol-http" "^3.0.3"
    "@smithy/types" "^2.3.1"
    tslib "^2.5.0"

"@aws-sdk/middleware-logger@3.413.0":
  version "3.413.0"
  resolved "https://registry.yarnpkg.com/@aws-sdk/middleware-logger/-/middleware-logger-3.413.0.tgz#f8e4dccf10ed94a9756b075f9165e73face5ed49"
  integrity sha512-jqcXDubcKvoqBy+kkEa0WoNjG6SveDeyNy+gdGnTV+DEtYjkcHrHJei4q0W5zFl0mzc+dP+z8tJF44rv95ZY3Q==
  dependencies:
    "@aws-sdk/types" "3.413.0"
    "@smithy/types" "^2.3.1"
    tslib "^2.5.0"

"@aws-sdk/middleware-recursion-detection@3.413.0":
  version "3.413.0"
  resolved "https://registry.yarnpkg.com/@aws-sdk/middleware-recursion-detection/-/middleware-recursion-detection-3.413.0.tgz#802cb4b4f086d4737a940d6a15eb332826c6610e"
  integrity sha512-C6k0IKJk/A4/VBGwUjxEPG+WOjjnmWAZVRBUzaeM7PqRh+g5rLcuIV356ntV3pREVxyiSTePTYVYIHU9YXkLKQ==
  dependencies:
    "@aws-sdk/types" "3.413.0"
    "@smithy/protocol-http" "^3.0.3"
    "@smithy/types" "^2.3.1"
    tslib "^2.5.0"

"@aws-sdk/middleware-sdk-sts@3.413.0":
  version "3.413.0"
  resolved "https://registry.yarnpkg.com/@aws-sdk/middleware-sdk-sts/-/middleware-sdk-sts-3.413.0.tgz#a043e0876770ff4c59dd6e9979b1d0489d036106"
  integrity sha512-t0u//JUyaEZRVnH5q+Ur3tWnuyIsTdwA0XOdDCZXcSlLYzGp2MI/tScLjn9IydRrceIFpFfmbjk4Nf/Q6TeBTQ==
  dependencies:
    "@aws-sdk/middleware-signing" "3.413.0"
    "@aws-sdk/types" "3.413.0"
    "@smithy/types" "^2.3.1"
    tslib "^2.5.0"

"@aws-sdk/middleware-signing@3.413.0":
  version "3.413.0"
  resolved "https://registry.yarnpkg.com/@aws-sdk/middleware-signing/-/middleware-signing-3.413.0.tgz#34ceaaf29ae5368bf3626e7971742a224e789f85"
  integrity sha512-QFEnVvIKYPCermM+ESxEztgUgXzGSKpnPnohMYNvSZySqmOLu/4VvxiZbRO/BX9J3ZHcUgaw4vKm5VBZRrycxw==
  dependencies:
    "@aws-sdk/types" "3.413.0"
    "@smithy/property-provider" "^2.0.0"
    "@smithy/protocol-http" "^3.0.3"
    "@smithy/signature-v4" "^2.0.0"
    "@smithy/types" "^2.3.1"
    "@smithy/util-middleware" "^2.0.0"
    tslib "^2.5.0"

"@aws-sdk/middleware-user-agent@3.413.0":
  version "3.413.0"
  resolved "https://registry.yarnpkg.com/@aws-sdk/middleware-user-agent/-/middleware-user-agent-3.413.0.tgz#83b3199613d5b974ab1ec7fa9e6312999bca0341"
  integrity sha512-eVMJyeWxNBqerhfD+sE9sTjDtwQiECrfU6wpUQP5fGPhJD2cVVZPxuTuJGDZCu/4k/V61dF85IYlsPUNLdVQ6w==
  dependencies:
    "@aws-sdk/types" "3.413.0"
    "@aws-sdk/util-endpoints" "3.413.0"
    "@smithy/protocol-http" "^3.0.3"
    "@smithy/types" "^2.3.1"
    tslib "^2.5.0"

"@aws-sdk/token-providers@3.413.0":
  version "3.413.0"
  resolved "https://registry.yarnpkg.com/@aws-sdk/token-providers/-/token-providers-3.413.0.tgz#0b47e78b6997d74abcc34b5b2f9d2b5882c35340"
  integrity sha512-NfP1Ib9LAWVLMTOa/1aJwt4TRrlRrNyukCpVZGfNaMnNNEoP5Rakdbcs8KFVHe/MJzU+GdKVzxQ4TgRkLOGTrA==
  dependencies:
    "@aws-crypto/sha256-browser" "3.0.0"
    "@aws-crypto/sha256-js" "3.0.0"
    "@aws-sdk/middleware-host-header" "3.413.0"
    "@aws-sdk/middleware-logger" "3.413.0"
    "@aws-sdk/middleware-recursion-detection" "3.413.0"
    "@aws-sdk/middleware-user-agent" "3.413.0"
    "@aws-sdk/types" "3.413.0"
    "@aws-sdk/util-endpoints" "3.413.0"
    "@aws-sdk/util-user-agent-browser" "3.413.0"
    "@aws-sdk/util-user-agent-node" "3.413.0"
    "@smithy/config-resolver" "^2.0.8"
    "@smithy/fetch-http-handler" "^2.1.3"
    "@smithy/hash-node" "^2.0.7"
    "@smithy/invalid-dependency" "^2.0.7"
    "@smithy/middleware-content-length" "^2.0.9"
    "@smithy/middleware-endpoint" "^2.0.7"
    "@smithy/middleware-retry" "^2.0.10"
    "@smithy/middleware-serde" "^2.0.7"
    "@smithy/middleware-stack" "^2.0.0"
    "@smithy/node-config-provider" "^2.0.10"
    "@smithy/node-http-handler" "^2.1.3"
    "@smithy/property-provider" "^2.0.0"
    "@smithy/protocol-http" "^3.0.3"
    "@smithy/shared-ini-file-loader" "^2.0.6"
    "@smithy/smithy-client" "^2.1.4"
    "@smithy/types" "^2.3.1"
    "@smithy/url-parser" "^2.0.7"
    "@smithy/util-base64" "^2.0.0"
    "@smithy/util-body-length-browser" "^2.0.0"
    "@smithy/util-body-length-node" "^2.1.0"
    "@smithy/util-defaults-mode-browser" "^2.0.8"
    "@smithy/util-defaults-mode-node" "^2.0.10"
    "@smithy/util-retry" "^2.0.0"
    "@smithy/util-utf8" "^2.0.0"
    tslib "^2.5.0"

"@aws-sdk/types@3.413.0", "@aws-sdk/types@^3.222.0":
  version "3.413.0"
  resolved "https://registry.yarnpkg.com/@aws-sdk/types/-/types-3.413.0.tgz#55b935d1668913a0e48ab5ddb4d9b95ff8707c02"
  integrity sha512-j1xib0f/TazIFc5ySIKOlT1ujntRbaoG4LJFeEezz4ji03/wSJMI8Vi4KjzpBp8J1tTu0oRDnsxRIGixsUBeYQ==
  dependencies:
    "@smithy/types" "^2.3.1"
    tslib "^2.5.0"

"@aws-sdk/util-endpoints@3.413.0":
  version "3.413.0"
  resolved "https://registry.yarnpkg.com/@aws-sdk/util-endpoints/-/util-endpoints-3.413.0.tgz#bf69260f1bde4dcb2041709539af5ad9a1b09295"
  integrity sha512-VAwr7cITNb1L6/2XUPIbCOuhKGm0VtKCRblurrfUF2bxqG/wtuw/2Fm4ahYJPyxklOSXAMSq+RHdFWcir0YB/g==
  dependencies:
    "@aws-sdk/types" "3.413.0"
    tslib "^2.5.0"

"@aws-sdk/util-locate-window@^3.0.0":
  version "3.310.0"
  resolved "https://registry.yarnpkg.com/@aws-sdk/util-locate-window/-/util-locate-window-3.310.0.tgz#b071baf050301adee89051032bd4139bba32cc40"
  integrity sha512-qo2t/vBTnoXpjKxlsC2e1gBrRm80M3bId27r0BRB2VniSSe7bL1mmzM+/HFtujm0iAxtPM+aLEflLJlJeDPg0w==
  dependencies:
    tslib "^2.5.0"

"@aws-sdk/util-user-agent-browser@3.413.0":
  version "3.413.0"
  resolved "https://registry.yarnpkg.com/@aws-sdk/util-user-agent-browser/-/util-user-agent-browser-3.413.0.tgz#a96b2466ee8acddc3c8b1f9402514ee13774963c"
  integrity sha512-7j/qWcRO2OBZBre2fC6V6M0PAS9n7k6i+VtofPkkhxC2DZszLJElqnooF9hGmVGYK3zR47Np4WjURXKIEZclWg==
  dependencies:
    "@aws-sdk/types" "3.413.0"
    "@smithy/types" "^2.3.1"
    bowser "^2.11.0"
    tslib "^2.5.0"

"@aws-sdk/util-user-agent-node@3.413.0":
  version "3.413.0"
  resolved "https://registry.yarnpkg.com/@aws-sdk/util-user-agent-node/-/util-user-agent-node-3.413.0.tgz#5bb89e41171b9e2cc5f8017ae073244c7753ad1d"
  integrity sha512-vHm9TVZIzfWMeDvdmoOky6VarqOt8Pr68CESHN0jyuO6XbhCDnr9rpaXiBhbSR+N1Qm7R/AfJgAhQyTMu2G1OA==
  dependencies:
    "@aws-sdk/types" "3.413.0"
    "@smithy/node-config-provider" "^2.0.10"
    "@smithy/types" "^2.3.1"
    tslib "^2.5.0"

"@aws-sdk/util-utf8-browser@^3.0.0":
  version "3.259.0"
  resolved "https://registry.yarnpkg.com/@aws-sdk/util-utf8-browser/-/util-utf8-browser-3.259.0.tgz#3275a6f5eb334f96ca76635b961d3c50259fd9ff"
  integrity sha512-UvFa/vR+e19XookZF8RzFZBrw2EUkQWxiBW0yYQAhvk3C+QVGl0H3ouca8LDBlBfQKXwmW3huo/59H8rwb1wJw==
  dependencies:
    tslib "^2.3.1"

"@smithy/abort-controller@^2.0.7":
  version "2.0.7"
  resolved "https://registry.yarnpkg.com/@smithy/abort-controller/-/abort-controller-2.0.7.tgz#e36f6da2f9c14b2abba4c11e42813d4de0755b12"
  integrity sha512-rITz65zk8QA3GQ1OeoJ3/Q4+8j/HqubWU8TBqk57BMYTOX+P+LNMoVHPqzLHhE6qKot5muhThNCYvOKNt7ojJA==
  dependencies:
    "@smithy/types" "^2.3.1"
    tslib "^2.5.0"

"@smithy/config-resolver@^2.0.8":
  version "2.0.8"
  resolved "https://registry.yarnpkg.com/@smithy/config-resolver/-/config-resolver-2.0.8.tgz#bab938d24bada463cea6935d8b98035af07f7a6d"
  integrity sha512-e7mwQteHjo9S1GK+TfzP3o7ujE2ZK30d6wkv5brKtabrZF7MBflj9CwUP2XYuOYebdWirHOtv8ZfkMrpcbJfYw==
  dependencies:
    "@smithy/node-config-provider" "^2.0.10"
    "@smithy/types" "^2.3.1"
    "@smithy/util-config-provider" "^2.0.0"
    "@smithy/util-middleware" "^2.0.0"
    tslib "^2.5.0"

"@smithy/credential-provider-imds@^2.0.0", "@smithy/credential-provider-imds@^2.0.10":
  version "2.0.10"
  resolved "https://registry.yarnpkg.com/@smithy/credential-provider-imds/-/credential-provider-imds-2.0.10.tgz#19a95e0ab4fbd71bbf1e3a3e0bd03239c5ba5f63"
  integrity sha512-may2/gYlDip2rjlU1Z5fcCEWY0Fu3tSu/HykgZrLfb2/171P6OYuz7dGNKBOCS1W57vP4W5wmUhm0WGehrixig==
  dependencies:
    "@smithy/node-config-provider" "^2.0.10"
    "@smithy/property-provider" "^2.0.8"
    "@smithy/types" "^2.3.1"
    "@smithy/url-parser" "^2.0.7"
    tslib "^2.5.0"

"@smithy/eventstream-codec@^2.0.7":
  version "2.0.7"
  resolved "https://registry.yarnpkg.com/@smithy/eventstream-codec/-/eventstream-codec-2.0.7.tgz#564ed3709d89c9cdad62e4f85d07ff926cb2d72b"
  integrity sha512-sW3AhXZhmmhh0f11EOotmNNa0rjrKwnMYNKfbp3B/qigdw6foKcmFGX+HF3XGN7w7fFeEFuXr97Ok24gRj92Xg==
  dependencies:
    "@aws-crypto/crc32" "3.0.0"
    "@smithy/types" "^2.3.1"
    "@smithy/util-hex-encoding" "^2.0.0"
    tslib "^2.5.0"

"@smithy/fetch-http-handler@^2.1.3":
  version "2.1.3"
  resolved "https://registry.yarnpkg.com/@smithy/fetch-http-handler/-/fetch-http-handler-2.1.3.tgz#574a40085aef25edb60607dcdd6873549bd9e4c2"
  integrity sha512-kUg+Ey4mJeR/3+Ponuhb1rsmsfZRwjCLvC+WcPgeI+ittretEzuWAPN+9anD0HJEoApVjHpndzxPtlncbCUJDQ==
  dependencies:
    "@smithy/protocol-http" "^3.0.3"
    "@smithy/querystring-builder" "^2.0.7"
    "@smithy/types" "^2.3.1"
    "@smithy/util-base64" "^2.0.0"
    tslib "^2.5.0"

"@smithy/hash-node@^2.0.7":
  version "2.0.7"
  resolved "https://registry.yarnpkg.com/@smithy/hash-node/-/hash-node-2.0.7.tgz#dee88244153e04d3277ec68a6996e29ace2f4cd5"
  integrity sha512-aB5lvIDP1v+ZUUS8ek3XW5xnZ6jUQ86JXqG7a5jMP6AbjAc3439mIbs6+f1EQ5MtYmrQCEtRRyvv5QofvotH0w==
  dependencies:
    "@smithy/types" "^2.3.1"
    "@smithy/util-buffer-from" "^2.0.0"
    "@smithy/util-utf8" "^2.0.0"
    tslib "^2.5.0"

"@smithy/invalid-dependency@^2.0.7":
  version "2.0.7"
  resolved "https://registry.yarnpkg.com/@smithy/invalid-dependency/-/invalid-dependency-2.0.7.tgz#4ab6aee81a22e332195ae223bb92551ee684ac88"
  integrity sha512-qVOZnHFPzQo4BS47/PANHX32Y69c0tJxKBkqTL795D/DKInqBwmBO/m1gS7v0ZQqmtCuoy2l87RflQfRY2xEIw==
  dependencies:
    "@smithy/types" "^2.3.1"
    tslib "^2.5.0"

"@smithy/is-array-buffer@^2.0.0":
  version "2.0.0"
  resolved "https://registry.yarnpkg.com/@smithy/is-array-buffer/-/is-array-buffer-2.0.0.tgz#8fa9b8040651e7ba0b2f6106e636a91354ff7d34"
  integrity sha512-z3PjFjMyZNI98JFRJi/U0nGoLWMSJlDjAW4QUX2WNZLas5C0CmVV6LJ01JI0k90l7FvpmixjWxPFmENSClQ7ug==
  dependencies:
    tslib "^2.5.0"

"@smithy/middleware-content-length@^2.0.9":
  version "2.0.9"
  resolved "https://registry.yarnpkg.com/@smithy/middleware-content-length/-/middleware-content-length-2.0.9.tgz#ae8767bac02062fad05f2b218f0e525f4c16a569"
  integrity sha512-2XVFsGqswxrIBi0w4Njwzb1zsbte26U513K+WPFm9z6SB/3WR5/VBVjTaTcamrXznTAqBjTwTL0Ysisv1dW0Rw==
  dependencies:
    "@smithy/protocol-http" "^3.0.3"
    "@smithy/types" "^2.3.1"
    tslib "^2.5.0"

"@smithy/middleware-endpoint@^2.0.7":
  version "2.0.7"
  resolved "https://registry.yarnpkg.com/@smithy/middleware-endpoint/-/middleware-endpoint-2.0.7.tgz#1a0ee7526eecdfd46f809755dcbdc372619a868b"
  integrity sha512-4/L0wV7PzHEprJB0gazSTIwlW/2cCfwC9EHavUMhoCyl1tLer6CJwDbAMit1IMvwbHkwuKopueb8dFPHfpS2Pw==
  dependencies:
    "@smithy/middleware-serde" "^2.0.7"
    "@smithy/types" "^2.3.1"
    "@smithy/url-parser" "^2.0.7"
    "@smithy/util-middleware" "^2.0.0"
    tslib "^2.5.0"

"@smithy/middleware-retry@^2.0.10":
  version "2.0.10"
  resolved "https://registry.yarnpkg.com/@smithy/middleware-retry/-/middleware-retry-2.0.10.tgz#64034eaef099bdd8ccd28545afa79b4a9d45b8aa"
  integrity sha512-VwAQOR5Rh/y9BzUgb5DzUk7qYBiMZu3pEQa5EwwAf/F7lpMuNildGrAxtDmsXk90490FJwa6LyFknXP3kO5BnA==
  dependencies:
    "@smithy/node-config-provider" "^2.0.10"
    "@smithy/protocol-http" "^3.0.3"
    "@smithy/service-error-classification" "^2.0.0"
    "@smithy/types" "^2.3.1"
    "@smithy/util-middleware" "^2.0.0"
    "@smithy/util-retry" "^2.0.0"
    tslib "^2.5.0"
    uuid "^8.3.2"

"@smithy/middleware-serde@^2.0.7":
  version "2.0.7"
  resolved "https://registry.yarnpkg.com/@smithy/middleware-serde/-/middleware-serde-2.0.7.tgz#007a47ec93cf68b812b33591c49e53238f4d181e"
  integrity sha512-tOldis4PUNafdGErLZ+33p9Pf3MmTlLa176X321Z6ZaCf1XNEow9m3T5vXrcHErVAvjPG0mp3l54J94HnPc+rQ==
  dependencies:
    "@smithy/types" "^2.3.1"
    tslib "^2.5.0"

"@smithy/middleware-stack@^2.0.0":
  version "2.0.0"
  resolved "https://registry.yarnpkg.com/@smithy/middleware-stack/-/middleware-stack-2.0.0.tgz#cd9f442c2788b1ef0ea6b32236d80c76b3c342e9"
  integrity sha512-31XC1xNF65nlbc16yuh3wwTudmqs6qy4EseQUGF8A/p2m/5wdd/cnXJqpniy/XvXVwkHPz/GwV36HqzHtIKATQ==
  dependencies:
    tslib "^2.5.0"

"@smithy/node-config-provider@^2.0.10":
  version "2.0.10"
  resolved "https://registry.yarnpkg.com/@smithy/node-config-provider/-/node-config-provider-2.0.10.tgz#08a46f05fd41069f455f620cd41b29d5758c7252"
  integrity sha512-e5MiLH5Eu+BbYsmhZIkvUKCzite6JCBPL75PNjlRK2TWvSpfp19hNf2SiJIQbPalcFj5zlyBvtcEkF1sfYIdhg==
  dependencies:
    "@smithy/property-provider" "^2.0.8"
    "@smithy/shared-ini-file-loader" "^2.0.9"
    "@smithy/types" "^2.3.1"
    tslib "^2.5.0"

"@smithy/node-http-handler@^2.1.3":
  version "2.1.3"
  resolved "https://registry.yarnpkg.com/@smithy/node-http-handler/-/node-http-handler-2.1.3.tgz#6b5ecbd6c9e66bd7d9fb760a2fc302ad2da6266e"
  integrity sha512-TGkgpx68SqvbspVHaG3iwqP2mKYOT4whiq7Kv2X9v+InngL4MkpH3LQ0Dk7kbloahZr+hAOyb6s8D7T8TXRrzA==
  dependencies:
    "@smithy/abort-controller" "^2.0.7"
    "@smithy/protocol-http" "^3.0.3"
    "@smithy/querystring-builder" "^2.0.7"
    "@smithy/types" "^2.3.1"
    tslib "^2.5.0"

"@smithy/property-provider@^2.0.0", "@smithy/property-provider@^2.0.8":
  version "2.0.8"
  resolved "https://registry.yarnpkg.com/@smithy/property-provider/-/property-provider-2.0.8.tgz#071a03a03e6e042f521f59fdcf3d4bc95db4f08b"
  integrity sha512-oaaP/i7bGG8XbxG9Kx4PZh83iJ2jo/vt8RmJdi9hmc8APBaW1HGDperVXDCyPQdVYXmiqrtxc/rPImyBma1G3A==
  dependencies:
    "@smithy/types" "^2.3.1"
    tslib "^2.5.0"

"@smithy/protocol-http@^3.0.3":
  version "3.0.3"
  resolved "https://registry.yarnpkg.com/@smithy/protocol-http/-/protocol-http-3.0.3.tgz#4f79cd1354db860b98d1c4f5d6ab180cefe0132d"
  integrity sha512-UGfmQNdijlFV+UzgdRyfe05S5vLDdcdkvNcxhGvQ+Er7TjUkZSxjukQB9VXtT8oTHztgOMX74DDlPBsVzZR5Pg==
  dependencies:
    "@smithy/types" "^2.3.1"
    tslib "^2.5.0"

"@smithy/querystring-builder@^2.0.7":
  version "2.0.7"
  resolved "https://registry.yarnpkg.com/@smithy/querystring-builder/-/querystring-builder-2.0.7.tgz#576d0a9fa5a2ae4305cbc38bb6facbcf4243acdc"
  integrity sha512-RPHnqt4iH1Kwp1Zbf4gJI88hZiynEZjE5hEWJNBmKqCe1Q6v7HBLtaovTaiuYaMEmPyb2KxOi3lISAdT6uuPqw==
  dependencies:
    "@smithy/types" "^2.3.1"
    "@smithy/util-uri-escape" "^2.0.0"
    tslib "^2.5.0"

"@smithy/querystring-parser@^2.0.7":
  version "2.0.7"
  resolved "https://registry.yarnpkg.com/@smithy/querystring-parser/-/querystring-parser-2.0.7.tgz#e61979a498f62f5cc18ab340e8f5d41f57de8f5e"
  integrity sha512-Cwi/Hgs73nbLKfgH7dXAxzvDxyTrK+BLrlAd0KXU7xcBR94V132nvxoq39BMWckYAPmnMwxCwq8uusNH4Dnagw==
  dependencies:
    "@smithy/types" "^2.3.1"
    tslib "^2.5.0"

"@smithy/service-error-classification@^2.0.0":
  version "2.0.0"
  resolved "https://registry.yarnpkg.com/@smithy/service-error-classification/-/service-error-classification-2.0.0.tgz#bbce07c9c529d9333d40db881fd4a1795dd84892"
  integrity sha512-2z5Nafy1O0cTf69wKyNjGW/sNVMiqDnb4jgwfMG8ye8KnFJ5qmJpDccwIbJNhXIfbsxTg9SEec2oe1cexhMJvw==

"@smithy/shared-ini-file-loader@^2.0.6", "@smithy/shared-ini-file-loader@^2.0.9":
  version "2.0.9"
  resolved "https://registry.yarnpkg.com/@smithy/shared-ini-file-loader/-/shared-ini-file-loader-2.0.9.tgz#9507d9f941a2aa8d34aca51d22158bf02ae41cf2"
  integrity sha512-vBLgJI+Qpz1TZ0W2kUBOmG2Q+geVEhiXE99UX02+UFag2WzOQ6frvV6rpadwJu0uwF02GG620NbiKGboqZ19YA==
  dependencies:
    "@smithy/types" "^2.3.1"
    tslib "^2.5.0"

"@smithy/signature-v4@^2.0.0":
  version "2.0.7"
  resolved "https://registry.yarnpkg.com/@smithy/signature-v4/-/signature-v4-2.0.7.tgz#46ceeb3b9f0496b63a28c555935fcb56d0cdc3ae"
  integrity sha512-qNCJpyhRWxT5RWmeSo/Zv+miQ60Y/D2JmPdFw7v2WpPVxVK7JDpqUbvq0QYE+dBGPX/uagAkE3NvJUcn0fTE3A==
  dependencies:
    "@smithy/eventstream-codec" "^2.0.7"
    "@smithy/is-array-buffer" "^2.0.0"
    "@smithy/types" "^2.3.1"
    "@smithy/util-hex-encoding" "^2.0.0"
    "@smithy/util-middleware" "^2.0.0"
    "@smithy/util-uri-escape" "^2.0.0"
    "@smithy/util-utf8" "^2.0.0"
    tslib "^2.5.0"

"@smithy/smithy-client@^2.1.4":
  version "2.1.4"
  resolved "https://registry.yarnpkg.com/@smithy/smithy-client/-/smithy-client-2.1.4.tgz#a0d08196ee31e6ed758e60c58a572658f968867e"
  integrity sha512-KRQvYYjEGqvmwnKSAZ8EL0hZvPxGQMYbAKS/AMGq2fuRmwAlinSVJ/fkIs65bZp2oYjcskd1ZgKcP+2UDjNPTQ==
  dependencies:
    "@smithy/middleware-stack" "^2.0.0"
    "@smithy/types" "^2.3.1"
    "@smithy/util-stream" "^2.0.10"
    tslib "^2.5.0"

"@smithy/types@^2.3.1":
  version "2.3.1"
  resolved "https://registry.yarnpkg.com/@smithy/types/-/types-2.3.1.tgz#25e8c353ee7a8611488a2cd41811c5a32a9dbcdc"
  integrity sha512-cS48e4Yawb6pGakj7DBJUIPFIkqnUWyXTe2ndPRNagD73b6kEJqTc8bhTyfUve0A+sijK256UKE0J1juAfCeDA==
  dependencies:
    tslib "^2.5.0"

"@smithy/url-parser@^2.0.7":
  version "2.0.7"
  resolved "https://registry.yarnpkg.com/@smithy/url-parser/-/url-parser-2.0.7.tgz#a744d2a441d608e274f51f6cb0eb6bad6d52bbf6"
  integrity sha512-SwMl1Lq3yFR2hzhwWYKg04uJHpfcXWMBPycm4Z8GkLI6Dw7rJNDApEbMtujlYw6pVP2WKbrpaGHjQ9MdP92kMQ==
  dependencies:
    "@smithy/querystring-parser" "^2.0.7"
    "@smithy/types" "^2.3.1"
    tslib "^2.5.0"

"@smithy/util-base64@^2.0.0":
  version "2.0.0"
  resolved "https://registry.yarnpkg.com/@smithy/util-base64/-/util-base64-2.0.0.tgz#1beeabfb155471d1d41c8d0603be1351f883c444"
  integrity sha512-Zb1E4xx+m5Lud8bbeYi5FkcMJMnn+1WUnJF3qD7rAdXpaL7UjkFQLdmW5fHadoKbdHpwH9vSR8EyTJFHJs++tA==
  dependencies:
    "@smithy/util-buffer-from" "^2.0.0"
    tslib "^2.5.0"

"@smithy/util-body-length-browser@^2.0.0":
  version "2.0.0"
  resolved "https://registry.yarnpkg.com/@smithy/util-body-length-browser/-/util-body-length-browser-2.0.0.tgz#5447853003b4c73da3bc5f3c5e82c21d592d1650"
  integrity sha512-JdDuS4ircJt+FDnaQj88TzZY3+njZ6O+D3uakS32f2VNnDo3vyEuNdBOh/oFd8Df1zSZOuH1HEChk2AOYDezZg==
  dependencies:
    tslib "^2.5.0"

"@smithy/util-body-length-node@^2.1.0":
  version "2.1.0"
  resolved "https://registry.yarnpkg.com/@smithy/util-body-length-node/-/util-body-length-node-2.1.0.tgz#313a5f7c5017947baf5fa018bfc22628904bbcfa"
  integrity sha512-/li0/kj/y3fQ3vyzn36NTLGmUwAICb7Jbe/CsWCktW363gh1MOcpEcSO3mJ344Gv2dqz8YJCLQpb6hju/0qOWw==
  dependencies:
    tslib "^2.5.0"

"@smithy/util-buffer-from@^2.0.0":
  version "2.0.0"
  resolved "https://registry.yarnpkg.com/@smithy/util-buffer-from/-/util-buffer-from-2.0.0.tgz#7eb75d72288b6b3001bc5f75b48b711513091deb"
  integrity sha512-/YNnLoHsR+4W4Vf2wL5lGv0ksg8Bmk3GEGxn2vEQt52AQaPSCuaO5PM5VM7lP1K9qHRKHwrPGktqVoAHKWHxzw==
  dependencies:
    "@smithy/is-array-buffer" "^2.0.0"
    tslib "^2.5.0"

"@smithy/util-config-provider@^2.0.0":
  version "2.0.0"
  resolved "https://registry.yarnpkg.com/@smithy/util-config-provider/-/util-config-provider-2.0.0.tgz#4dd6a793605559d94267312fd06d0f58784b4c38"
  integrity sha512-xCQ6UapcIWKxXHEU4Mcs2s7LcFQRiU3XEluM2WcCjjBtQkUN71Tb+ydGmJFPxMUrW/GWMgQEEGipLym4XG0jZg==
  dependencies:
    tslib "^2.5.0"

"@smithy/util-defaults-mode-browser@^2.0.8":
  version "2.0.8"
  resolved "https://registry.yarnpkg.com/@smithy/util-defaults-mode-browser/-/util-defaults-mode-browser-2.0.8.tgz#3067bcb82976be628c737d1318df51ef37af82e4"
  integrity sha512-8znx01mkmfKxhiSB2bOF5eMutuCLMd8m2Kh0ulRp8vgzhwRLDJoU6aHSEUoNptbuTAtiFf4u0gpkYC2XfbWwuA==
  dependencies:
    "@smithy/property-provider" "^2.0.8"
    "@smithy/types" "^2.3.1"
    bowser "^2.11.0"
    tslib "^2.5.0"

"@smithy/util-defaults-mode-node@^2.0.10":
  version "2.0.10"
  resolved "https://registry.yarnpkg.com/@smithy/util-defaults-mode-node/-/util-defaults-mode-node-2.0.10.tgz#7497a64a052685e9ce00383e1214a84c001c7fe2"
  integrity sha512-QUcUckL4ZqDFVwLnh7zStRUnXtTC6hcJZ4FmMqnxlPcL33Rko0sMQwrMDnMdzF3rS3wvqugAaq3zzop1HCluvw==
  dependencies:
    "@smithy/config-resolver" "^2.0.8"
    "@smithy/credential-provider-imds" "^2.0.10"
    "@smithy/node-config-provider" "^2.0.10"
    "@smithy/property-provider" "^2.0.8"
    "@smithy/types" "^2.3.1"
    tslib "^2.5.0"

"@smithy/util-hex-encoding@^2.0.0":
  version "2.0.0"
  resolved "https://registry.yarnpkg.com/@smithy/util-hex-encoding/-/util-hex-encoding-2.0.0.tgz#0aa3515acd2b005c6d55675e377080a7c513b59e"
  integrity sha512-c5xY+NUnFqG6d7HFh1IFfrm3mGl29lC+vF+geHv4ToiuJCBmIfzx6IeHLg+OgRdPFKDXIw6pvi+p3CsscaMcMA==
  dependencies:
    tslib "^2.5.0"

"@smithy/util-middleware@^2.0.0":
  version "2.0.0"
  resolved "https://registry.yarnpkg.com/@smithy/util-middleware/-/util-middleware-2.0.0.tgz#706681d4a1686544a2275f68266304233f372c99"
  integrity sha512-eCWX4ECuDHn1wuyyDdGdUWnT4OGyIzV0LN1xRttBFMPI9Ff/4heSHVxneyiMtOB//zpXWCha1/SWHJOZstG7kA==
  dependencies:
    tslib "^2.5.0"

"@smithy/util-retry@^2.0.0":
  version "2.0.0"
  resolved "https://registry.yarnpkg.com/@smithy/util-retry/-/util-retry-2.0.0.tgz#7ac5d5f12383a9d9b2a43f9ff25f3866c8727c24"
  integrity sha512-/dvJ8afrElasuiiIttRJeoS2sy8YXpksQwiM/TcepqdRVp7u4ejd9C4IQURHNjlfPUT7Y6lCDSa2zQJbdHhVTg==
  dependencies:
    "@smithy/service-error-classification" "^2.0.0"
    tslib "^2.5.0"

"@smithy/util-stream@^2.0.10":
  version "2.0.10"
  resolved "https://registry.yarnpkg.com/@smithy/util-stream/-/util-stream-2.0.10.tgz#3671b107e38b06c2d1a2976424ee4e2272e1c506"
  integrity sha512-2EgK5cBiv9OaDmhSXmsZY8ZByBl1dg/Tbc51iBJ5GkLGVYhaA6/1l6vHHV41m4Im3D0XfZV1tmeLlQgmRnYsTQ==
  dependencies:
    "@smithy/fetch-http-handler" "^2.1.3"
    "@smithy/node-http-handler" "^2.1.3"
    "@smithy/types" "^2.3.1"
    "@smithy/util-base64" "^2.0.0"
    "@smithy/util-buffer-from" "^2.0.0"
    "@smithy/util-hex-encoding" "^2.0.0"
    "@smithy/util-utf8" "^2.0.0"
    tslib "^2.5.0"

"@smithy/util-uri-escape@^2.0.0":
  version "2.0.0"
  resolved "https://registry.yarnpkg.com/@smithy/util-uri-escape/-/util-uri-escape-2.0.0.tgz#19955b1a0f517a87ae77ac729e0e411963dfda95"
  integrity sha512-ebkxsqinSdEooQduuk9CbKcI+wheijxEb3utGXkCoYQkJnwTnLbH1JXGimJtUkQwNQbsbuYwG2+aFVyZf5TLaw==
  dependencies:
    tslib "^2.5.0"

"@smithy/util-utf8@^2.0.0":
  version "2.0.0"
  resolved "https://registry.yarnpkg.com/@smithy/util-utf8/-/util-utf8-2.0.0.tgz#b4da87566ea7757435e153799df9da717262ad42"
  integrity sha512-rctU1VkziY84n5OXe3bPNpKR001ZCME2JCaBBFgtiM2hfKbHFudc/BkMuPab8hRbLd0j3vbnBTTZ1igBf0wgiQ==
  dependencies:
    "@smithy/util-buffer-from" "^2.0.0"
    tslib "^2.5.0"

"@smithy/util-waiter@^2.0.7":
  version "2.0.7"
  resolved "https://registry.yarnpkg.com/@smithy/util-waiter/-/util-waiter-2.0.7.tgz#a0f777265d7177a4a58a968c0c10511484582f74"
  integrity sha512-lIY4GOmrSwMiGHhm++1ea0MdKx5y4V39ue4eNg4yxmip1hiuCLxkfXGZVLh0JPxBxAzbQw+E/5TPfY4w/RBkNw==
  dependencies:
    "@smithy/abort-controller" "^2.0.7"
    "@smithy/types" "^2.3.1"
    tslib "^2.5.0"

"@types/aws-lambda@^8.10.92":
  version "8.10.121"
  resolved "https://registry.yarnpkg.com/@types/aws-lambda/-/aws-lambda-8.10.121.tgz#2702b77a77fadea98bbef43502a289882361854b"
  integrity sha512-Y/jsUwO18HuC0a39BuMQkSOd/kMGATh/h5LNksw8FlTafbQ3Ge3578ZoT8w8gSOsWl2qH1p/SS/R61vc0X5jIQ==

bowser@^2.11.0:
  version "2.11.0"
  resolved "https://registry.yarnpkg.com/bowser/-/bowser-2.11.0.tgz#5ca3c35757a7aa5771500c70a73a9f91ef420a8f"
  integrity sha512-AlcaJBi/pqqJBIQ8U9Mcpc9i8Aqxn88Skv5d+xBX006BY5u8N3mGLHa5Lgppa7L/HfwgwLgZ6NYs+Ag6uUmJRA==

fast-xml-parser@4.2.5:
  version "4.2.5"
  resolved "https://registry.yarnpkg.com/fast-xml-parser/-/fast-xml-parser-4.2.5.tgz#a6747a09296a6cb34f2ae634019bf1738f3b421f"
  integrity sha512-B9/wizE4WngqQftFPmdaMYlXoJlJOYxGQOanC77fq9k8+Z0v5dDSVh+3glErdIROP//s/jgb7ZuxKfB8nVyo0g==
  dependencies:
    strnum "^1.0.5"

strnum@^1.0.5:
  version "1.0.5"
  resolved "https://registry.yarnpkg.com/strnum/-/strnum-1.0.5.tgz#5c4e829fe15ad4ff0d20c3db5ac97b73c9b072db"
  integrity sha512-J8bbNyKKXl5qYcR36TIO8W3mVGVHrmmxsd5PAItGkmyzwJvybiw2IVq5nqd0i4LSNSkB/sx9VHllbfFdr9k1JA==

tslib@^1.11.1:
  version "1.14.1"
  resolved "https://registry.yarnpkg.com/tslib/-/tslib-1.14.1.tgz#cf2d38bdc34a134bcaf1091c41f6619e2f672d00"
  integrity sha512-Xni35NKzjgMrwevysHTCArtLDpPvye8zV/0E4EyYn43P7/7qvQwPh9BGkHewbMulVntbigmcT7rdX3BNo9wRJg==

tslib@^2.3.1, tslib@^2.5.0:
  version "2.6.2"
  resolved "https://registry.yarnpkg.com/tslib/-/tslib-2.6.2.tgz#703ac29425e7b37cd6fd456e92404d46d1f3e4ae"
  integrity sha512-AEYxH93jGFPn/a2iVAwW87VuUIkR1FVUKB77NwMF7nBTDkDrrT/Hpt/IrCJ0QXhW27jTBDcf5ZY7w6RiqTMw2Q==

uuid@^8.3.2:
  version "8.3.2"
  resolved "https://registry.yarnpkg.com/uuid/-/uuid-8.3.2.tgz#80d5b5ced271bb9af6c445f21a1a04c606cefbe2"
  integrity sha512-+NYs2QeMWy+GWFOEm9xnn6HCDp0l7QBD7ml8zLUmJ+93Q5NF0NocErnwkTkXVFNiX3/fpC6afS8Dhb/gz7R7eg==
