# THIS IS AN AUTOGENERATED FILE. DO NOT EDIT THIS FILE DIRECTLY.
# yarn lockfile v1


"@aws-crypto/ie11-detection@^3.0.0":
  version "3.0.0"
  resolved "https://registry.yarnpkg.com/@aws-crypto/ie11-detection/-/ie11-detection-3.0.0.tgz#640ae66b4ec3395cee6a8e94ebcd9f80c24cd688"
  integrity sha512-341lBBkiY1DfDNKai/wXM3aujNBkXR7tq1URPQDL9wi3AUbI80NR74uF1TXHMm7po1AcnFk8iu2S2IeU/+/A+Q==
  dependencies:
    tslib "^1.11.1"

"@aws-crypto/sha256-browser@3.0.0":
  version "3.0.0"
  resolved "https://registry.yarnpkg.com/@aws-crypto/sha256-browser/-/sha256-browser-3.0.0.tgz#05f160138ab893f1c6ba5be57cfd108f05827766"
  integrity sha512-8VLmW2B+gjFbU5uMeqtQM6Nj0/F1bro80xQXCW6CQBWgosFWXTx77aeOF5CAIAmbOK64SdMBJdNr6J41yP5mvQ==
  dependencies:
    "@aws-crypto/ie11-detection" "^3.0.0"
    "@aws-crypto/sha256-js" "^3.0.0"
    "@aws-crypto/supports-web-crypto" "^3.0.0"
    "@aws-crypto/util" "^3.0.0"
    "@aws-sdk/types" "^3.222.0"
    "@aws-sdk/util-locate-window" "^3.0.0"
    "@aws-sdk/util-utf8-browser" "^3.0.0"
    tslib "^1.11.1"

"@aws-crypto/sha256-js@3.0.0", "@aws-crypto/sha256-js@^3.0.0":
  version "3.0.0"
  resolved "https://registry.yarnpkg.com/@aws-crypto/sha256-js/-/sha256-js-3.0.0.tgz#f06b84d550d25521e60d2a0e2a90139341e007c2"
  integrity sha512-PnNN7os0+yd1XvXAy23CFOmTbMaDxgxXtTKHybrJ39Y8kGzBATgBFibWJKH6BhytLI/Zyszs87xCOBNyBig6vQ==
  dependencies:
    "@aws-crypto/util" "^3.0.0"
    "@aws-sdk/types" "^3.222.0"
    tslib "^1.11.1"

"@aws-crypto/supports-web-crypto@^3.0.0":
  version "3.0.0"
  resolved "https://registry.yarnpkg.com/@aws-crypto/supports-web-crypto/-/supports-web-crypto-3.0.0.tgz#5d1bf825afa8072af2717c3e455f35cda0103ec2"
  integrity sha512-06hBdMwUAb2WFTuGG73LSC0wfPu93xWwo5vL2et9eymgmu3Id5vFAHBbajVWiGhPO37qcsdCap/FqXvJGJWPIg==
  dependencies:
    tslib "^1.11.1"

"@aws-crypto/util@^3.0.0":
  version "3.0.0"
  resolved "https://registry.yarnpkg.com/@aws-crypto/util/-/util-3.0.0.tgz#1c7ca90c29293f0883468ad48117937f0fe5bfb0"
  integrity sha512-2OJlpeJpCR48CC8r+uKVChzs9Iungj9wkZrl8Z041DWEWvyIHILYKCPNzJghKsivj+S3mLo6BVc7mBNzdxA46w==
  dependencies:
    "@aws-sdk/types" "^3.222.0"
    "@aws-sdk/util-utf8-browser" "^3.0.0"
    tslib "^1.11.1"

"@aws-sdk/abort-controller@3.310.0":
  version "3.310.0"
  resolved "https://registry.yarnpkg.com/@aws-sdk/abort-controller/-/abort-controller-3.310.0.tgz#0da2d29b823daa03b7c1f0b43de1f030583b4f51"
  integrity sha512-v1zrRQxDLA1MdPim159Vx/CPHqsB4uybSxRi1CnfHO5ZjHryx3a5htW2gdGAykVCul40+yJXvfpufMrELVxH+g==
  dependencies:
    "@aws-sdk/types" "3.310.0"
    tslib "^2.5.0"

"@aws-sdk/client-rekognition@latest":
  version "3.315.0"
  resolved "https://registry.yarnpkg.com/@aws-sdk/client-rekognition/-/client-rekognition-3.315.0.tgz#e058cfe205c1a028caec52536bbb4d6d920cdf18"
  integrity sha512-HLQm87juzxdZIsRfV6LHop6yV1lXnWPW+BO7z4ypBk99ye4DnBOTE1kiVnwk8PMRkqGadd+gyJod36NNO7JB0w==
  dependencies:
    "@aws-crypto/sha256-browser" "3.0.0"
    "@aws-crypto/sha256-js" "3.0.0"
    "@aws-sdk/client-sts" "3.315.0"
    "@aws-sdk/config-resolver" "3.310.0"
    "@aws-sdk/credential-provider-node" "3.315.0"
    "@aws-sdk/fetch-http-handler" "3.310.0"
    "@aws-sdk/hash-node" "3.310.0"
    "@aws-sdk/invalid-dependency" "3.310.0"
    "@aws-sdk/middleware-content-length" "3.310.0"
    "@aws-sdk/middleware-endpoint" "3.310.0"
    "@aws-sdk/middleware-host-header" "3.310.0"
    "@aws-sdk/middleware-logger" "3.310.0"
    "@aws-sdk/middleware-recursion-detection" "3.310.0"
    "@aws-sdk/middleware-retry" "3.310.0"
    "@aws-sdk/middleware-serde" "3.310.0"
    "@aws-sdk/middleware-signing" "3.310.0"
    "@aws-sdk/middleware-stack" "3.310.0"
    "@aws-sdk/middleware-user-agent" "3.310.0"
    "@aws-sdk/node-config-provider" "3.310.0"
    "@aws-sdk/node-http-handler" "3.310.0"
    "@aws-sdk/protocol-http" "3.310.0"
    "@aws-sdk/smithy-client" "3.315.0"
    "@aws-sdk/types" "3.310.0"
    "@aws-sdk/url-parser" "3.310.0"
    "@aws-sdk/util-base64" "3.310.0"
    "@aws-sdk/util-body-length-browser" "3.310.0"
    "@aws-sdk/util-body-length-node" "3.310.0"
    "@aws-sdk/util-defaults-mode-browser" "3.315.0"
    "@aws-sdk/util-defaults-mode-node" "3.315.0"
    "@aws-sdk/util-endpoints" "3.310.0"
    "@aws-sdk/util-retry" "3.310.0"
    "@aws-sdk/util-user-agent-browser" "3.310.0"
    "@aws-sdk/util-user-agent-node" "3.310.0"
    "@aws-sdk/util-utf8" "3.310.0"
    "@aws-sdk/util-waiter" "3.310.0"
    tslib "^2.5.0"

"@aws-sdk/client-sso-oidc@3.315.0":
  version "3.315.0"
  resolved "https://registry.yarnpkg.com/@aws-sdk/client-sso-oidc/-/client-sso-oidc-3.315.0.tgz#6a89f54c8b5f389eea59589cf96007361050d125"
  integrity sha512-OJgtmx6SpCWHBDCxBBi36Ro44uCqZBufGkThP/PVYrgVnRVnJ4V18d2wNGKmS37zKmCHHJPnhMPlGOgE2qyVPQ==
  dependencies:
    "@aws-crypto/sha256-browser" "3.0.0"
    "@aws-crypto/sha256-js" "3.0.0"
    "@aws-sdk/config-resolver" "3.310.0"
    "@aws-sdk/fetch-http-handler" "3.310.0"
    "@aws-sdk/hash-node" "3.310.0"
    "@aws-sdk/invalid-dependency" "3.310.0"
    "@aws-sdk/middleware-content-length" "3.310.0"
    "@aws-sdk/middleware-endpoint" "3.310.0"
    "@aws-sdk/middleware-host-header" "3.310.0"
    "@aws-sdk/middleware-logger" "3.310.0"
    "@aws-sdk/middleware-recursion-detection" "3.310.0"
    "@aws-sdk/middleware-retry" "3.310.0"
    "@aws-sdk/middleware-serde" "3.310.0"
    "@aws-sdk/middleware-stack" "3.310.0"
    "@aws-sdk/middleware-user-agent" "3.310.0"
    "@aws-sdk/node-config-provider" "3.310.0"
    "@aws-sdk/node-http-handler" "3.310.0"
    "@aws-sdk/protocol-http" "3.310.0"
    "@aws-sdk/smithy-client" "3.315.0"
    "@aws-sdk/types" "3.310.0"
    "@aws-sdk/url-parser" "3.310.0"
    "@aws-sdk/util-base64" "3.310.0"
    "@aws-sdk/util-body-length-browser" "3.310.0"
    "@aws-sdk/util-body-length-node" "3.310.0"
    "@aws-sdk/util-defaults-mode-browser" "3.315.0"
    "@aws-sdk/util-defaults-mode-node" "3.315.0"
    "@aws-sdk/util-endpoints" "3.310.0"
    "@aws-sdk/util-retry" "3.310.0"
    "@aws-sdk/util-user-agent-browser" "3.310.0"
    "@aws-sdk/util-user-agent-node" "3.310.0"
    "@aws-sdk/util-utf8" "3.310.0"
    tslib "^2.5.0"

"@aws-sdk/client-sso@3.315.0":
  version "3.315.0"
  resolved "https://registry.yarnpkg.com/@aws-sdk/client-sso/-/client-sso-3.315.0.tgz#436b2ef30a56c65cf7bc328a540a988160f2b246"
  integrity sha512-P3QOOyHQER7EDVCzXOsAaJE2p/qfdsSFsYv8k2S8LqEKGH0fViQ4Ph540uKlmaOt1kEhwH1wI6cLRMJJX9XV4Q==
  dependencies:
    "@aws-crypto/sha256-browser" "3.0.0"
    "@aws-crypto/sha256-js" "3.0.0"
    "@aws-sdk/config-resolver" "3.310.0"
    "@aws-sdk/fetch-http-handler" "3.310.0"
    "@aws-sdk/hash-node" "3.310.0"
    "@aws-sdk/invalid-dependency" "3.310.0"
    "@aws-sdk/middleware-content-length" "3.310.0"
    "@aws-sdk/middleware-endpoint" "3.310.0"
    "@aws-sdk/middleware-host-header" "3.310.0"
    "@aws-sdk/middleware-logger" "3.310.0"
    "@aws-sdk/middleware-recursion-detection" "3.310.0"
    "@aws-sdk/middleware-retry" "3.310.0"
    "@aws-sdk/middleware-serde" "3.310.0"
    "@aws-sdk/middleware-stack" "3.310.0"
    "@aws-sdk/middleware-user-agent" "3.310.0"
    "@aws-sdk/node-config-provider" "3.310.0"
    "@aws-sdk/node-http-handler" "3.310.0"
    "@aws-sdk/protocol-http" "3.310.0"
    "@aws-sdk/smithy-client" "3.315.0"
    "@aws-sdk/types" "3.310.0"
    "@aws-sdk/url-parser" "3.310.0"
    "@aws-sdk/util-base64" "3.310.0"
    "@aws-sdk/util-body-length-browser" "3.310.0"
    "@aws-sdk/util-body-length-node" "3.310.0"
    "@aws-sdk/util-defaults-mode-browser" "3.315.0"
    "@aws-sdk/util-defaults-mode-node" "3.315.0"
    "@aws-sdk/util-endpoints" "3.310.0"
    "@aws-sdk/util-retry" "3.310.0"
    "@aws-sdk/util-user-agent-browser" "3.310.0"
    "@aws-sdk/util-user-agent-node" "3.310.0"
    "@aws-sdk/util-utf8" "3.310.0"
    tslib "^2.5.0"

"@aws-sdk/client-sts@3.315.0":
  version "3.315.0"
  resolved "https://registry.yarnpkg.com/@aws-sdk/client-sts/-/client-sts-3.315.0.tgz#1a8ae885f0a41d897368525f9672b475fb113612"
  integrity sha512-e34plg6m0hScADIPiu5kCKoiJVXRLRiAuens+iwMse0oPUmrv41hdjgufwWGA/pcNkEGzMdVS88Z4khxB3LHBw==
  dependencies:
    "@aws-crypto/sha256-browser" "3.0.0"
    "@aws-crypto/sha256-js" "3.0.0"
    "@aws-sdk/config-resolver" "3.310.0"
    "@aws-sdk/credential-provider-node" "3.315.0"
    "@aws-sdk/fetch-http-handler" "3.310.0"
    "@aws-sdk/hash-node" "3.310.0"
    "@aws-sdk/invalid-dependency" "3.310.0"
    "@aws-sdk/middleware-content-length" "3.310.0"
    "@aws-sdk/middleware-endpoint" "3.310.0"
    "@aws-sdk/middleware-host-header" "3.310.0"
    "@aws-sdk/middleware-logger" "3.310.0"
    "@aws-sdk/middleware-recursion-detection" "3.310.0"
    "@aws-sdk/middleware-retry" "3.310.0"
    "@aws-sdk/middleware-sdk-sts" "3.310.0"
    "@aws-sdk/middleware-serde" "3.310.0"
    "@aws-sdk/middleware-signing" "3.310.0"
    "@aws-sdk/middleware-stack" "3.310.0"
    "@aws-sdk/middleware-user-agent" "3.310.0"
    "@aws-sdk/node-config-provider" "3.310.0"
    "@aws-sdk/node-http-handler" "3.310.0"
    "@aws-sdk/protocol-http" "3.310.0"
    "@aws-sdk/smithy-client" "3.315.0"
    "@aws-sdk/types" "3.310.0"
    "@aws-sdk/url-parser" "3.310.0"
    "@aws-sdk/util-base64" "3.310.0"
    "@aws-sdk/util-body-length-browser" "3.310.0"
    "@aws-sdk/util-body-length-node" "3.310.0"
    "@aws-sdk/util-defaults-mode-browser" "3.315.0"
    "@aws-sdk/util-defaults-mode-node" "3.315.0"
    "@aws-sdk/util-endpoints" "3.310.0"
    "@aws-sdk/util-retry" "3.310.0"
    "@aws-sdk/util-user-agent-browser" "3.310.0"
    "@aws-sdk/util-user-agent-node" "3.310.0"
    "@aws-sdk/util-utf8" "3.310.0"
    fast-xml-parser "4.1.2"
    tslib "^2.5.0"

"@aws-sdk/config-resolver@3.310.0":
  version "3.310.0"
  resolved "https://registry.yarnpkg.com/@aws-sdk/config-resolver/-/config-resolver-3.310.0.tgz#c02dce96546d5cd25551bc89907b27224e16ca7f"
  integrity sha512-8vsT+/50lOqfDxka9m/rRt6oxv1WuGZoP8oPMk0Dt+TxXMbAzf4+rejBgiB96wshI1k3gLokYRjSQZn+dDtT8g==
  dependencies:
    "@aws-sdk/types" "3.310.0"
    "@aws-sdk/util-config-provider" "3.310.0"
    "@aws-sdk/util-middleware" "3.310.0"
    tslib "^2.5.0"

"@aws-sdk/credential-provider-env@3.310.0":
  version "3.310.0"
  resolved "https://registry.yarnpkg.com/@aws-sdk/credential-provider-env/-/credential-provider-env-3.310.0.tgz#c52694fb276341db6ce4e816cf9ca90fa5830dad"
  integrity sha512-vvIPQpI16fj95xwS7M3D48F7QhZJBnnCgB5lR+b7So+vsG9ibm1mZRVGzVpdxCvgyOhHFbvrby9aalNJmmIP1A==
  dependencies:
    "@aws-sdk/property-provider" "3.310.0"
    "@aws-sdk/types" "3.310.0"
    tslib "^2.5.0"

"@aws-sdk/credential-provider-imds@3.310.0":
  version "3.310.0"
  resolved "https://registry.yarnpkg.com/@aws-sdk/credential-provider-imds/-/credential-provider-imds-3.310.0.tgz#d8fb1223fee7e289a81e28177fe55dedf4d2745e"
  integrity sha512-baxK7Zp6dai5AGW01FIW27xS2KAaPUmKLIXv5SvFYsUgXXvNW55im4uG3b+2gA0F7V+hXvVBH08OEqmwW6we5w==
  dependencies:
    "@aws-sdk/node-config-provider" "3.310.0"
    "@aws-sdk/property-provider" "3.310.0"
    "@aws-sdk/types" "3.310.0"
    "@aws-sdk/url-parser" "3.310.0"
    tslib "^2.5.0"

"@aws-sdk/credential-provider-ini@3.315.0":
  version "3.315.0"
  resolved "https://registry.yarnpkg.com/@aws-sdk/credential-provider-ini/-/credential-provider-ini-3.315.0.tgz#0104a5067111dcd9ffd47f045f518871ed1d7665"
  integrity sha512-TZbYNbQkNgANx3KsWmJEyBsnfUBq/XKqYYc/VQf1L4eI+GMUw2eKpNV0MTsyviViy2st7W4SiSgtsvXyeVp9xg==
  dependencies:
    "@aws-sdk/credential-provider-env" "3.310.0"
    "@aws-sdk/credential-provider-imds" "3.310.0"
    "@aws-sdk/credential-provider-process" "3.310.0"
    "@aws-sdk/credential-provider-sso" "3.315.0"
    "@aws-sdk/credential-provider-web-identity" "3.310.0"
    "@aws-sdk/property-provider" "3.310.0"
    "@aws-sdk/shared-ini-file-loader" "3.310.0"
    "@aws-sdk/types" "3.310.0"
    tslib "^2.5.0"

"@aws-sdk/credential-provider-node@3.315.0":
  version "3.315.0"
  resolved "https://registry.yarnpkg.com/@aws-sdk/credential-provider-node/-/credential-provider-node-3.315.0.tgz#13a85fd99377763b077a1bbbb82ec3e950fd50d2"
  integrity sha512-OuzKAIg+xPAzBrb/Big5VKDpJmBhVR+N0Hfflrjj2BunQGWO7zxtkKFCz921MtP9ZunDV+UxzTpar8U5TAPtzA==
  dependencies:
    "@aws-sdk/credential-provider-env" "3.310.0"
    "@aws-sdk/credential-provider-imds" "3.310.0"
    "@aws-sdk/credential-provider-ini" "3.315.0"
    "@aws-sdk/credential-provider-process" "3.310.0"
    "@aws-sdk/credential-provider-sso" "3.315.0"
    "@aws-sdk/credential-provider-web-identity" "3.310.0"
    "@aws-sdk/property-provider" "3.310.0"
    "@aws-sdk/shared-ini-file-loader" "3.310.0"
    "@aws-sdk/types" "3.310.0"
    tslib "^2.5.0"

"@aws-sdk/credential-provider-process@3.310.0":
  version "3.310.0"
  resolved "https://registry.yarnpkg.com/@aws-sdk/credential-provider-process/-/credential-provider-process-3.310.0.tgz#0b2ee77f0c48262442d2768044d72332a4ad8884"
  integrity sha512-h73sg6GPMUWC+3zMCbA1nZ2O03nNJt7G96JdmnantiXBwHpRKWW8nBTLzx5uhXn6hTuTaoQRP/P+oxQJKYdMmA==
  dependencies:
    "@aws-sdk/property-provider" "3.310.0"
    "@aws-sdk/shared-ini-file-loader" "3.310.0"
    "@aws-sdk/types" "3.310.0"
    tslib "^2.5.0"

"@aws-sdk/credential-provider-sso@3.315.0":
  version "3.315.0"
  resolved "https://registry.yarnpkg.com/@aws-sdk/credential-provider-sso/-/credential-provider-sso-3.315.0.tgz#d31002cbc27a80df2f5c2ae9ea5160690636e67a"
  integrity sha512-oMDGwT67cLgLiLEj5UwAiOVo7mb0l4vi2nk+5pgPMpC3cBlAfA0y1IJe4FHp+Vz52F0nvURZZbdWhX6RgMMaqQ==
  dependencies:
    "@aws-sdk/client-sso" "3.315.0"
    "@aws-sdk/property-provider" "3.310.0"
    "@aws-sdk/shared-ini-file-loader" "3.310.0"
    "@aws-sdk/token-providers" "3.315.0"
    "@aws-sdk/types" "3.310.0"
    tslib "^2.5.0"

"@aws-sdk/credential-provider-web-identity@3.310.0":
  version "3.310.0"
  resolved "https://registry.yarnpkg.com/@aws-sdk/credential-provider-web-identity/-/credential-provider-web-identity-3.310.0.tgz#c9fa09b0068027e58d31178e3fa06bf4e9ae9d36"
  integrity sha512-H4SzuZXILNhK6/IR1uVvsUDZvzc051hem7GLyYghBCu8mU+tq28YhKE8MfSroi6eL2e5Vujloij1OM2EQQkPkw==
  dependencies:
    "@aws-sdk/property-provider" "3.310.0"
    "@aws-sdk/types" "3.310.0"
    tslib "^2.5.0"

"@aws-sdk/fetch-http-handler@3.310.0":
  version "3.310.0"
  resolved "https://registry.yarnpkg.com/@aws-sdk/fetch-http-handler/-/fetch-http-handler-3.310.0.tgz#f31006b7b3103683d72e177cd27d80354f7a37c4"
  integrity sha512-Bi9vIwzdkw1zMcvi/zGzlWS9KfIEnAq4NNhsnCxbQ4OoIRU9wvU+WGZdBBhxg0ZxZmpp1j1aZhU53lLjA07MHw==
  dependencies:
    "@aws-sdk/protocol-http" "3.310.0"
    "@aws-sdk/querystring-builder" "3.310.0"
    "@aws-sdk/types" "3.310.0"
    "@aws-sdk/util-base64" "3.310.0"
    tslib "^2.5.0"

"@aws-sdk/hash-node@3.310.0":
  version "3.310.0"
  resolved "https://registry.yarnpkg.com/@aws-sdk/hash-node/-/hash-node-3.310.0.tgz#4c1c89b9a2da3bb9783de84f0b762cc055b90d67"
  integrity sha512-NvE2fhRc8GRwCXBfDehxVAWCmVwVMILliAKVPAEr4yz2CkYs0tqU51S48x23dtna07H4qHtgpeNqVTthcIQOEQ==
  dependencies:
    "@aws-sdk/types" "3.310.0"
    "@aws-sdk/util-buffer-from" "3.310.0"
    "@aws-sdk/util-utf8" "3.310.0"
    tslib "^2.5.0"

"@aws-sdk/invalid-dependency@3.310.0":
  version "3.310.0"
  resolved "https://registry.yarnpkg.com/@aws-sdk/invalid-dependency/-/invalid-dependency-3.310.0.tgz#b96da9b9f63b12d1c390f9a06eeb28840fcb5b3c"
  integrity sha512-1s5RG5rSPXoa/aZ/Kqr5U/7lqpx+Ry81GprQ2bxWqJvWQIJ0IRUwo5pk8XFxbKVr/2a+4lZT/c3OGoBOM1yRRA==
  dependencies:
    "@aws-sdk/types" "3.310.0"
    tslib "^2.5.0"

"@aws-sdk/is-array-buffer@3.310.0":
  version "3.310.0"
  resolved "https://registry.yarnpkg.com/@aws-sdk/is-array-buffer/-/is-array-buffer-3.310.0.tgz#f87a79f1b858c88744f07e8d8d0a791df204017e"
  integrity sha512-urnbcCR+h9NWUnmOtet/s4ghvzsidFmspfhYaHAmSRdy9yDjdjBJMFjjsn85A1ODUktztm+cVncXjQ38WCMjMQ==
  dependencies:
    tslib "^2.5.0"

"@aws-sdk/middleware-content-length@3.310.0":
  version "3.310.0"
  resolved "https://registry.yarnpkg.com/@aws-sdk/middleware-content-length/-/middleware-content-length-3.310.0.tgz#cc9b6c25c10736cec41d0219c94b57cfdb4582a3"
  integrity sha512-P8tQZxgDt6CAh1wd/W6WPzjc+uWPJwQkm+F7rAwRlM+k9q17HrhnksGDKcpuuLyIhPQYdmOMIkpKVgXGa4avhQ==
  dependencies:
    "@aws-sdk/protocol-http" "3.310.0"
    "@aws-sdk/types" "3.310.0"
    tslib "^2.5.0"

"@aws-sdk/middleware-endpoint@3.310.0":
  version "3.310.0"
  resolved "https://registry.yarnpkg.com/@aws-sdk/middleware-endpoint/-/middleware-endpoint-3.310.0.tgz#d4bf8ac3cd4800af789d6bcb469b7e8cfa10badb"
  integrity sha512-Z+N2vOL8K354/lstkClxLLsr6hCpVRh+0tCMXrVj66/NtKysCEZ/0b9LmqOwD9pWHNiI2mJqXwY0gxNlKAroUg==
  dependencies:
    "@aws-sdk/middleware-serde" "3.310.0"
    "@aws-sdk/types" "3.310.0"
    "@aws-sdk/url-parser" "3.310.0"
    "@aws-sdk/util-middleware" "3.310.0"
    tslib "^2.5.0"

"@aws-sdk/middleware-host-header@3.310.0":
  version "3.310.0"
  resolved "https://registry.yarnpkg.com/@aws-sdk/middleware-host-header/-/middleware-host-header-3.310.0.tgz#bdd4fbffb58b331bda517df8340aa8b44ce55550"
  integrity sha512-QWSA+46/hXorXyWa61ic2K7qZzwHTiwfk2e9mRRjeIRepUgI3qxFjsYqrWtrOGBjmFmq0pYIY8Bb/DCJuQqcoA==
  dependencies:
    "@aws-sdk/protocol-http" "3.310.0"
    "@aws-sdk/types" "3.310.0"
    tslib "^2.5.0"

"@aws-sdk/middleware-logger@3.310.0":
  version "3.310.0"
  resolved "https://registry.yarnpkg.com/@aws-sdk/middleware-logger/-/middleware-logger-3.310.0.tgz#8cc6381f49ef867cae1364b8517f939629e4dd9d"
  integrity sha512-Lurm8XofrASBRnAVtiSNuDSRsRqPNg27RIFLLsLp/pqog9nFJ0vz0kgdb9S5Z+zw83Mm+UlqOe6D8NTUNp4fVg==
  dependencies:
    "@aws-sdk/types" "3.310.0"
    tslib "^2.5.0"

"@aws-sdk/middleware-recursion-detection@3.310.0":
  version "3.310.0"
  resolved "https://registry.yarnpkg.com/@aws-sdk/middleware-recursion-detection/-/middleware-recursion-detection-3.310.0.tgz#020c986ed8da751bd613fd84c8c8a805c89e0952"
  integrity sha512-SuB75/xk/gyue24gkriTwO2jFd7YcUGZDClQYuRejgbXSa3CO0lWyawQtfLcSSEBp9izrEVXuFH24K1eAft5nQ==
  dependencies:
    "@aws-sdk/protocol-http" "3.310.0"
    "@aws-sdk/types" "3.310.0"
    tslib "^2.5.0"

"@aws-sdk/middleware-retry@3.310.0":
  version "3.310.0"
  resolved "https://registry.yarnpkg.com/@aws-sdk/middleware-retry/-/middleware-retry-3.310.0.tgz#12e95e962875d44af4acbdebe02db337a1ad5c35"
  integrity sha512-oTPsRy2W4s+dfxbJPW7Km+hHtv/OMsNsVfThAq8DDYKC13qlr1aAyOqGLD+dpBy2aKe7ss517Sy2HcHtHqm7/g==
  dependencies:
    "@aws-sdk/protocol-http" "3.310.0"
    "@aws-sdk/service-error-classification" "3.310.0"
    "@aws-sdk/types" "3.310.0"
    "@aws-sdk/util-middleware" "3.310.0"
    "@aws-sdk/util-retry" "3.310.0"
    tslib "^2.5.0"
    uuid "^8.3.2"

"@aws-sdk/middleware-sdk-sts@3.310.0":
  version "3.310.0"
  resolved "https://registry.yarnpkg.com/@aws-sdk/middleware-sdk-sts/-/middleware-sdk-sts-3.310.0.tgz#2001b421f317404ca98d4a1cfea408b7a64c35f5"
  integrity sha512-+5PFwlYNLvLLIfw0ASAoWV/iIF8Zv6R6QGtyP0CclhRSvNjgbQDVnV0g95MC5qvh+GB/Yjlkt8qAjLSPjHfsrQ==
  dependencies:
    "@aws-sdk/middleware-signing" "3.310.0"
    "@aws-sdk/types" "3.310.0"
    tslib "^2.5.0"

"@aws-sdk/middleware-serde@3.310.0":
  version "3.310.0"
  resolved "https://registry.yarnpkg.com/@aws-sdk/middleware-serde/-/middleware-serde-3.310.0.tgz#e334031b66a1a155375ec901478b26570fbe1783"
  integrity sha512-RNeeTVWSLTaentUeCgQKZhAl+C6hxtwD78cQWS10UymWpQFwbaxztzKUu4UQS5xA2j6PxwPRRUjqa4jcFjfLsg==
  dependencies:
    "@aws-sdk/types" "3.310.0"
    tslib "^2.5.0"

"@aws-sdk/middleware-signing@3.310.0":
  version "3.310.0"
  resolved "https://registry.yarnpkg.com/@aws-sdk/middleware-signing/-/middleware-signing-3.310.0.tgz#bd62d5623c80f6318b0d738c44780875500c911a"
  integrity sha512-f9mKq+XMdW207Af3hKjdTnpNhdtwqWuvFs/ZyXoOkp/g1MY1O6L23Jy6i52m29LxbT4AuNRG1oKODfXM0vYVjQ==
  dependencies:
    "@aws-sdk/property-provider" "3.310.0"
    "@aws-sdk/protocol-http" "3.310.0"
    "@aws-sdk/signature-v4" "3.310.0"
    "@aws-sdk/types" "3.310.0"
    "@aws-sdk/util-middleware" "3.310.0"
    tslib "^2.5.0"

"@aws-sdk/middleware-stack@3.310.0":
  version "3.310.0"
  resolved "https://registry.yarnpkg.com/@aws-sdk/middleware-stack/-/middleware-stack-3.310.0.tgz#06c83963998fbdc83e99b67a7a138529312a6224"
  integrity sha512-010O1PD+UAcZVKRvqEusE1KJqN96wwrf6QsqbRM0ywsKQ21NDweaHvEDlds2VHpgmofxkRLRu/IDrlPkKRQrRg==
  dependencies:
    tslib "^2.5.0"

"@aws-sdk/middleware-user-agent@3.310.0":
  version "3.310.0"
  resolved "https://registry.yarnpkg.com/@aws-sdk/middleware-user-agent/-/middleware-user-agent-3.310.0.tgz#2aa3982cbc5e9c137024cec47914e86610ab0a09"
  integrity sha512-x3IOwSwSbwKidlxRk3CNVHVUb06SRuaELxggCaR++QVI8NU6qD/l4VHXKVRvbTHiC/cYxXE/GaBDgQVpDR7V/g==
  dependencies:
    "@aws-sdk/protocol-http" "3.310.0"
    "@aws-sdk/types" "3.310.0"
    "@aws-sdk/util-endpoints" "3.310.0"
    tslib "^2.5.0"

"@aws-sdk/node-config-provider@3.310.0":
  version "3.310.0"
  resolved "https://registry.yarnpkg.com/@aws-sdk/node-config-provider/-/node-config-provider-3.310.0.tgz#ba8fb41af2db0316291ba9002267627553ec65ac"
  integrity sha512-T/Pp6htc6hq/Cq+MLNDSyiwWCMVF6GqbBbXKVlO5L8rdHx4sq9xPdoPveZhGWrxvkanjA6eCwUp6E0riBOSVng==
  dependencies:
    "@aws-sdk/property-provider" "3.310.0"
    "@aws-sdk/shared-ini-file-loader" "3.310.0"
    "@aws-sdk/types" "3.310.0"
    tslib "^2.5.0"

"@aws-sdk/node-http-handler@3.310.0":
  version "3.310.0"
  resolved "https://registry.yarnpkg.com/@aws-sdk/node-http-handler/-/node-http-handler-3.310.0.tgz#bd8e72c1c7cf4b48c2a21851f638ad5e63001787"
  integrity sha512-irv9mbcM9xC2xYjArQF5SYmHBMu4ciMWtGsoHII1nRuFOl9FoT4ffTvEPuLlfC6pznzvKt9zvnm6xXj7gDChKg==
  dependencies:
    "@aws-sdk/abort-controller" "3.310.0"
    "@aws-sdk/protocol-http" "3.310.0"
    "@aws-sdk/querystring-builder" "3.310.0"
    "@aws-sdk/types" "3.310.0"
    tslib "^2.5.0"

"@aws-sdk/property-provider@3.310.0":
  version "3.310.0"
  resolved "https://registry.yarnpkg.com/@aws-sdk/property-provider/-/property-provider-3.310.0.tgz#5fae8a4c11bda052afa9747d47b031f1c4f0f246"
  integrity sha512-3lxDb0akV6BBzmFe4nLPaoliQbAifyWJhuvuDOu7e8NzouvpQXs0275w9LePhhcgjKAEVXUIse05ZW2DLbxo/g==
  dependencies:
    "@aws-sdk/types" "3.310.0"
    tslib "^2.5.0"

"@aws-sdk/protocol-http@3.310.0":
  version "3.310.0"
  resolved "https://registry.yarnpkg.com/@aws-sdk/protocol-http/-/protocol-http-3.310.0.tgz#855c3314cba7ff3024a9a9701ca3c641691d997e"
  integrity sha512-fgZ1aw/irQtnrsR58pS8ThKOWo57Py3xX6giRvwSgZDEcxHfVzuQjy9yPuV++v04fdmdtgpbGf8WfvAAJ11yXQ==
  dependencies:
    "@aws-sdk/types" "3.310.0"
    tslib "^2.5.0"

"@aws-sdk/querystring-builder@3.310.0":
  version "3.310.0"
  resolved "https://registry.yarnpkg.com/@aws-sdk/querystring-builder/-/querystring-builder-3.310.0.tgz#5307ea52c3a4a1ae6818bbb6987cc6fce68b043f"
  integrity sha512-ZHH8GV/80+pWGo7DzsvwvXR5xVxUHXUvPJPFAkhr6nCf78igdoF8gR10ScFoEKbtEapoNTaZlKHPXxpD8aPG7A==
  dependencies:
    "@aws-sdk/types" "3.310.0"
    "@aws-sdk/util-uri-escape" "3.310.0"
    tslib "^2.5.0"

"@aws-sdk/querystring-parser@3.310.0":
  version "3.310.0"
  resolved "https://registry.yarnpkg.com/@aws-sdk/querystring-parser/-/querystring-parser-3.310.0.tgz#438183927e0b06e7c2ee004a1681b8d37c22e104"
  integrity sha512-YkIznoP6lsiIUHinx++/lbb3tlMURGGqMpo0Pnn32zYzGrJXA6eC3D0as2EcMjo55onTfuLcIiX4qzXes2MYOA==
  dependencies:
    "@aws-sdk/types" "3.310.0"
    tslib "^2.5.0"

"@aws-sdk/service-error-classification@3.310.0":
  version "3.310.0"
  resolved "https://registry.yarnpkg.com/@aws-sdk/service-error-classification/-/service-error-classification-3.310.0.tgz#352c1db426dcf54a44393bc9a0607dde796b2abb"
  integrity sha512-PuyC7k3qfIKeH2LCnDwbttMOKq3qAx4buvg0yfnJtQOz6t1AR8gsnAq0CjKXXyfkXwNKWTqCpE6lVNUIkXgsMw==

"@aws-sdk/shared-ini-file-loader@3.310.0":
  version "3.310.0"
  resolved "https://registry.yarnpkg.com/@aws-sdk/shared-ini-file-loader/-/shared-ini-file-loader-3.310.0.tgz#07e9c8e8e8bb0de7ed19b8cea908c920a493c9c9"
  integrity sha512-N0q9pG0xSjQwc690YQND5bofm+4nfUviQ/Ppgan2kU6aU0WUq8KwgHJBto/YEEI+VlrME30jZJnxtOvcZJc2XA==
  dependencies:
    "@aws-sdk/types" "3.310.0"
    tslib "^2.5.0"

"@aws-sdk/signature-v4@3.310.0":
  version "3.310.0"
  resolved "https://registry.yarnpkg.com/@aws-sdk/signature-v4/-/signature-v4-3.310.0.tgz#ad26426d3f72fa18e6808a36f827beb72d12bf2d"
  integrity sha512-1M60P1ZBNAjCFv9sYW29OF6okktaeibWyW3lMXqzoHF70lHBZh+838iUchznXUA5FLabfn4jBFWMRxlAXJUY2Q==
  dependencies:
    "@aws-sdk/is-array-buffer" "3.310.0"
    "@aws-sdk/types" "3.310.0"
    "@aws-sdk/util-hex-encoding" "3.310.0"
    "@aws-sdk/util-middleware" "3.310.0"
    "@aws-sdk/util-uri-escape" "3.310.0"
    "@aws-sdk/util-utf8" "3.310.0"
    tslib "^2.5.0"

"@aws-sdk/smithy-client@3.315.0":
  version "3.315.0"
  resolved "https://registry.yarnpkg.com/@aws-sdk/smithy-client/-/smithy-client-3.315.0.tgz#1233316125c939690d9dc93f4f87f624abd74d24"
  integrity sha512-qTm0lwTh6IZMiWs3U9k2veoF6gV9yE0B9Z34yMxagOfQFQgxMih0aiH25MD25eRigjJ3sfUeZ+B0mRycmJZdkQ==
  dependencies:
    "@aws-sdk/middleware-stack" "3.310.0"
    "@aws-sdk/types" "3.310.0"
    tslib "^2.5.0"

"@aws-sdk/token-providers@3.315.0":
  version "3.315.0"
  resolved "https://registry.yarnpkg.com/@aws-sdk/token-providers/-/token-providers-3.315.0.tgz#fc31aefed8f5ec4108189bccf9627be9c425f757"
  integrity sha512-EjLUQ9JLqU3eJfJyzpcVjFnuJ1MCCodZaVJmuX/a/as4TK41bKMvkVojjsU7pDSYzl+tuXE+ceivcWK4H0HQdQ==
  dependencies:
    "@aws-sdk/client-sso-oidc" "3.315.0"
    "@aws-sdk/property-provider" "3.310.0"
    "@aws-sdk/shared-ini-file-loader" "3.310.0"
    "@aws-sdk/types" "3.310.0"
    tslib "^2.5.0"

"@aws-sdk/types@3.310.0", "@aws-sdk/types@^3.222.0":
  version "3.310.0"
  resolved "https://registry.yarnpkg.com/@aws-sdk/types/-/types-3.310.0.tgz#b83a0580feb38b58417abb8b4ed3eae1a0cb7bc1"
  integrity sha512-j8eamQJ7YcIhw7fneUfs8LYl3t01k4uHi4ZDmNRgtbmbmTTG3FZc2MotStZnp3nZB6vLiPF1o5aoJxWVvkzS6A==
  dependencies:
    tslib "^2.5.0"

"@aws-sdk/url-parser@3.310.0":
  version "3.310.0"
  resolved "https://registry.yarnpkg.com/@aws-sdk/url-parser/-/url-parser-3.310.0.tgz#928c9eac2e3d74c3c5db4c6e364a1de00185dcaa"
  integrity sha512-mCLnCaSB9rQvAgx33u0DujLvr4d5yEm/W5r789GblwwQnlNXedVu50QRizMLTpltYWyAUoXjJgQnJHmJMaKXhw==
  dependencies:
    "@aws-sdk/querystring-parser" "3.310.0"
    "@aws-sdk/types" "3.310.0"
    tslib "^2.5.0"

"@aws-sdk/util-base64@3.310.0":
  version "3.310.0"
  resolved "https://registry.yarnpkg.com/@aws-sdk/util-base64/-/util-base64-3.310.0.tgz#d0fd49aff358c5a6e771d0001c63b1f97acbe34c"
  integrity sha512-v3+HBKQvqgdzcbL+pFswlx5HQsd9L6ZTlyPVL2LS9nNXnCcR3XgGz9jRskikRUuUvUXtkSG1J88GAOnJ/apTPg==
  dependencies:
    "@aws-sdk/util-buffer-from" "3.310.0"
    tslib "^2.5.0"

"@aws-sdk/util-body-length-browser@3.310.0":
  version "3.310.0"
  resolved "https://registry.yarnpkg.com/@aws-sdk/util-body-length-browser/-/util-body-length-browser-3.310.0.tgz#3fca9d2f73c058edf1907e4a1d99a392fdd23eca"
  integrity sha512-sxsC3lPBGfpHtNTUoGXMQXLwjmR0zVpx0rSvzTPAuoVILVsp5AU/w5FphNPxD5OVIjNbZv9KsKTuvNTiZjDp9g==
  dependencies:
    tslib "^2.5.0"

"@aws-sdk/util-body-length-node@3.310.0":
  version "3.310.0"
  resolved "https://registry.yarnpkg.com/@aws-sdk/util-body-length-node/-/util-body-length-node-3.310.0.tgz#4846ae72834ab0636f29f89fc1878520f6543fed"
  integrity sha512-2tqGXdyKhyA6w4zz7UPoS8Ip+7sayOg9BwHNidiGm2ikbDxm1YrCfYXvCBdwaJxa4hJfRVz+aL9e+d3GqPI9pQ==
  dependencies:
    tslib "^2.5.0"

"@aws-sdk/util-buffer-from@3.310.0":
  version "3.310.0"
  resolved "https://registry.yarnpkg.com/@aws-sdk/util-buffer-from/-/util-buffer-from-3.310.0.tgz#7a72cb965984d3c6a7e256ae6cf1621f52e54a57"
  integrity sha512-i6LVeXFtGih5Zs8enLrt+ExXY92QV25jtEnTKHsmlFqFAuL3VBeod6boeMXkN2p9lbSVVQ1sAOOYZOHYbYkntw==
  dependencies:
    "@aws-sdk/is-array-buffer" "3.310.0"
    tslib "^2.5.0"

"@aws-sdk/util-config-provider@3.310.0":
  version "3.310.0"
  resolved "https://registry.yarnpkg.com/@aws-sdk/util-config-provider/-/util-config-provider-3.310.0.tgz#ff21f73d4774cfd7bd16ae56f905828600dda95f"
  integrity sha512-xIBaYo8dwiojCw8vnUcIL4Z5tyfb1v3yjqyJKJWV/dqKUFOOS0U591plmXbM+M/QkXyML3ypon1f8+BoaDExrg==
  dependencies:
    tslib "^2.5.0"

"@aws-sdk/util-defaults-mode-browser@3.315.0":
  version "3.315.0"
  resolved "https://registry.yarnpkg.com/@aws-sdk/util-defaults-mode-browser/-/util-defaults-mode-browser-3.315.0.tgz#c91e489d474219da9028b13dd7d1627bb3a3a831"
  integrity sha512-5cqNvfGos3FB/MHNl+g2fr+tPY7s3k3+96V3wOPWLOksdACth10OxPpHfboXXZDHHkR0hmyJwJcfgA4uQrUcGg==
  dependencies:
    "@aws-sdk/property-provider" "3.310.0"
    "@aws-sdk/types" "3.310.0"
    bowser "^2.11.0"
    tslib "^2.5.0"

"@aws-sdk/util-defaults-mode-node@3.315.0":
  version "3.315.0"
  resolved "https://registry.yarnpkg.com/@aws-sdk/util-defaults-mode-node/-/util-defaults-mode-node-3.315.0.tgz#1c9c6421ff701406818a30ee376d01a5098d2621"
  integrity sha512-vSPIGpzh6NJIMLoh31p7CczSatN46kJdJBrHfODHaIGe4t156x+LfkkcxGQhtifqxglhL7l+fmn5D1fM5exHuA==
  dependencies:
    "@aws-sdk/config-resolver" "3.310.0"
    "@aws-sdk/credential-provider-imds" "3.310.0"
    "@aws-sdk/node-config-provider" "3.310.0"
    "@aws-sdk/property-provider" "3.310.0"
    "@aws-sdk/types" "3.310.0"
    tslib "^2.5.0"

"@aws-sdk/util-endpoints@3.310.0":
  version "3.310.0"
  resolved "https://registry.yarnpkg.com/@aws-sdk/util-endpoints/-/util-endpoints-3.310.0.tgz#fea8757038b62d49dacd653061ba04a2ea102a36"
  integrity sha512-zG+/d/O5KPmAaeOMPd6bW1abifdT0H03f42keLjYEoRZzYtHPC5DuPE0UayiWGckI6BCDgy0sRKXCYS49UNFaQ==
  dependencies:
    "@aws-sdk/types" "3.310.0"
    tslib "^2.5.0"

"@aws-sdk/util-hex-encoding@3.310.0":
  version "3.310.0"
  resolved "https://registry.yarnpkg.com/@aws-sdk/util-hex-encoding/-/util-hex-encoding-3.310.0.tgz#19294c78986c90ae33f04491487863dc1d33bd87"
  integrity sha512-sVN7mcCCDSJ67pI1ZMtk84SKGqyix6/0A1Ab163YKn+lFBQRMKexleZzpYzNGxYzmQS6VanP/cfU7NiLQOaSfA==
  dependencies:
    tslib "^2.5.0"

"@aws-sdk/util-locate-window@^3.0.0":
  version "3.310.0"
  resolved "https://registry.yarnpkg.com/@aws-sdk/util-locate-window/-/util-locate-window-3.310.0.tgz#b071baf050301adee89051032bd4139bba32cc40"
  integrity sha512-qo2t/vBTnoXpjKxlsC2e1gBrRm80M3bId27r0BRB2VniSSe7bL1mmzM+/HFtujm0iAxtPM+aLEflLJlJeDPg0w==
  dependencies:
    tslib "^2.5.0"

"@aws-sdk/util-middleware@3.310.0":
  version "3.310.0"
  resolved "https://registry.yarnpkg.com/@aws-sdk/util-middleware/-/util-middleware-3.310.0.tgz#713c5bfa296f4cf707150a0a1e911afd50dcf939"
  integrity sha512-FTSUKL/eRb9X6uEZClrTe27QFXUNNp7fxYrPndZwk1hlaOP5ix+MIHBcI7pIiiY/JPfOUmPyZOu+HetlFXjWog==
  dependencies:
    tslib "^2.5.0"

"@aws-sdk/util-retry@3.310.0":
  version "3.310.0"
  resolved "https://registry.yarnpkg.com/@aws-sdk/util-retry/-/util-retry-3.310.0.tgz#4cdc35e2dfdacf2d928ab474ba8b67bbadd6be3c"
  integrity sha512-FwWGhCBLfoivTMUHu1LIn4NjrN9JLJ/aX5aZmbcPIOhZVFJj638j0qDgZXyfvVqBuBZh7M8kGq0Oahy3dp69OA==
  dependencies:
    "@aws-sdk/service-error-classification" "3.310.0"
    tslib "^2.5.0"

"@aws-sdk/util-uri-escape@3.310.0":
  version "3.310.0"
  resolved "https://registry.yarnpkg.com/@aws-sdk/util-uri-escape/-/util-uri-escape-3.310.0.tgz#9f942f09a715d8278875013a416295746b6085ba"
  integrity sha512-drzt+aB2qo2LgtDoiy/3sVG8w63cgLkqFIa2NFlGpUgHFWTXkqtbgf4L5QdjRGKWhmZsnqkbtL7vkSWEcYDJ4Q==
  dependencies:
    tslib "^2.5.0"

"@aws-sdk/util-user-agent-browser@3.310.0":
  version "3.310.0"
  resolved "https://registry.yarnpkg.com/@aws-sdk/util-user-agent-browser/-/util-user-agent-browser-3.310.0.tgz#48d463a93351b78b678df324f3518a9798029c44"
  integrity sha512-yU/4QnHHuQ5z3vsUqMQVfYLbZGYwpYblPiuZx4Zo9+x0PBkNjYMqctdDcrpoH9Z2xZiDN16AmQGK1tix117ZKw==
  dependencies:
    "@aws-sdk/types" "3.310.0"
    bowser "^2.11.0"
    tslib "^2.5.0"

"@aws-sdk/util-user-agent-node@3.310.0":
  version "3.310.0"
  resolved "https://registry.yarnpkg.com/@aws-sdk/util-user-agent-node/-/util-user-agent-node-3.310.0.tgz#ebefbedc5a4759adc958885741628ec0de1ab197"
  integrity sha512-Ra3pEl+Gn2BpeE7KiDGpi4zj7WJXZA5GXnGo3mjbi9+Y3zrbuhJAbdZO3mO/o7xDgMC6ph4xCTbaSGzU6b6EDg==
  dependencies:
    "@aws-sdk/node-config-provider" "3.310.0"
    "@aws-sdk/types" "3.310.0"
    tslib "^2.5.0"

"@aws-sdk/util-utf8-browser@^3.0.0":
  version "3.259.0"
  resolved "https://registry.yarnpkg.com/@aws-sdk/util-utf8-browser/-/util-utf8-browser-3.259.0.tgz#3275a6f5eb334f96ca76635b961d3c50259fd9ff"
  integrity sha512-UvFa/vR+e19XookZF8RzFZBrw2EUkQWxiBW0yYQAhvk3C+QVGl0H3ouca8LDBlBfQKXwmW3huo/59H8rwb1wJw==
  dependencies:
    tslib "^2.3.1"

"@aws-sdk/util-utf8@3.310.0":
  version "3.310.0"
  resolved "https://registry.yarnpkg.com/@aws-sdk/util-utf8/-/util-utf8-3.310.0.tgz#4a7b9dcebb88e830d3811aeb21e9a6df4273afb4"
  integrity sha512-DnLfFT8uCO22uOJc0pt0DsSNau1GTisngBCDw8jQuWT5CqogMJu4b/uXmwEqfj8B3GX6Xsz8zOd6JpRlPftQoA==
  dependencies:
    "@aws-sdk/util-buffer-from" "3.310.0"
    tslib "^2.5.0"

"@aws-sdk/util-waiter@3.310.0":
  version "3.310.0"
  resolved "https://registry.yarnpkg.com/@aws-sdk/util-waiter/-/util-waiter-3.310.0.tgz#a410739cfc637af9ccea21de079d00652e9b8363"
  integrity sha512-AV5j3guH/Y4REu+Qh3eXQU9igljHuU4XjX2sADAgf54C0kkhcCCkkiuzk3IsX089nyJCqIcj5idbjdvpnH88Vw==
  dependencies:
    "@aws-sdk/abort-controller" "3.310.0"
    "@aws-sdk/types" "3.310.0"
    tslib "^2.5.0"

"@types/aws-lambda@^8.10.92":
  version "8.10.114"
  resolved "https://registry.yarnpkg.com/@types/aws-lambda/-/aws-lambda-8.10.114.tgz#4048273ebcd517dd118ecaa34b1368d275b6c7ad"
  integrity sha512-M8WpEGfC9iQ6V2Ccq6nGIXoQgeVc6z0Ngk8yCOL5V/TYIxshvb0MWQYLFFTZDesL0zmsoBc4OBjG9DB/4rei6w==

bowser@^2.11.0:
  version "2.11.0"
  resolved "https://registry.yarnpkg.com/bowser/-/bowser-2.11.0.tgz#5ca3c35757a7aa5771500c70a73a9f91ef420a8f"
  integrity sha512-AlcaJBi/pqqJBIQ8U9Mcpc9i8Aqxn88Skv5d+xBX006BY5u8N3mGLHa5Lgppa7L/HfwgwLgZ6NYs+Ag6uUmJRA==

fast-xml-parser@4.1.2:
  version "4.1.2"
  resolved "https://registry.yarnpkg.com/fast-xml-parser/-/fast-xml-parser-4.1.2.tgz#5a98c18238d28a57bbdfa9fe4cda01211fff8f4a"
  integrity sha512-CDYeykkle1LiA/uqQyNwYpFbyF6Axec6YapmpUP+/RHWIoR1zKjocdvNaTsxCxZzQ6v9MLXaSYm9Qq0thv0DHg==
  dependencies:
    strnum "^1.0.5"

strnum@^1.0.5:
  version "1.0.5"
  resolved "https://registry.yarnpkg.com/strnum/-/strnum-1.0.5.tgz#5c4e829fe15ad4ff0d20c3db5ac97b73c9b072db"
  integrity sha512-J8bbNyKKXl5qYcR36TIO8W3mVGVHrmmxsd5PAItGkmyzwJvybiw2IVq5nqd0i4LSNSkB/sx9VHllbfFdr9k1JA==

tslib@^1.11.1:
  version "1.14.1"
  resolved "https://registry.yarnpkg.com/tslib/-/tslib-1.14.1.tgz#cf2d38bdc34a134bcaf1091c41f6619e2f672d00"
  integrity sha512-Xni35NKzjgMrwevysHTCArtLDpPvye8zV/0E4EyYn43P7/7qvQwPh9BGkHewbMulVntbigmcT7rdX3BNo9wRJg==

tslib@^2.3.1, tslib@^2.5.0:
  version "2.5.0"
  resolved "https://registry.yarnpkg.com/tslib/-/tslib-2.5.0.tgz#42bfed86f5787aeb41d031866c8f402429e0fddf"
  integrity sha512-336iVw3rtn2BUK7ORdIAHTyxHGRIHVReokCR3XjbckJMK7ms8FysBfhLR8IXnAgy7T0PTPNBWKiH514FOW/WSg==

uuid@^8.3.2:
  version "8.3.2"
  resolved "https://registry.yarnpkg.com/uuid/-/uuid-8.3.2.tgz#80d5b5ced271bb9af6c445f21a1a04c606cefbe2"
  integrity sha512-+NYs2QeMWy+GWFOEm9xnn6HCDp0l7QBD7ml8zLUmJ+93Q5NF0NocErnwkTkXVFNiX3/fpC6afS8Dhb/gz7R7eg==
